// !$*UTF8*$!
{
	archiveVersion = 1;
	classes = {
	};
	objectVersion = 51;
	objects = {

/* Begin PBXBuildFile section */
		1E097ADBCF94CEB776E541B7 /* Pods_PapagoTalk.framework in Frameworks */ = {isa = PBXBuildFile; fileRef = AF3D2492C0C0C5E605FF6FBF /* Pods_PapagoTalk.framework */; };
		990DE923257265BB00340A72 /* ChatCodeInputViewController.swift in Sources */ = {isa = PBXBuildFile; fileRef = 990DE922257265BB00340A72 /* ChatCodeInputViewController.swift */; };
		990DE9292572665400340A72 /* ChatCodeInputViewReactor.swift in Sources */ = {isa = PBXBuildFile; fileRef = 990DE9282572665400340A72 /* ChatCodeInputViewReactor.swift */; };
		990DE92D2572836B00340A72 /* EnterRoom.graphql in Resources */ = {isa = PBXBuildFile; fileRef = 990DE92C2572836B00340A72 /* EnterRoom.graphql */; };
		990DE9392572860500340A72 /* SendMessage.graphql in Resources */ = {isa = PBXBuildFile; fileRef = 990DE9382572860500340A72 /* SendMessage.graphql */; };
		990DE947257336D900340A72 /* JoinChatError.swift in Sources */ = {isa = PBXBuildFile; fileRef = 990DE946257336D900340A72 /* JoinChatError.swift */; };
		990DE94D2573479600340A72 /* AlertFactory.swift in Sources */ = {isa = PBXBuildFile; fileRef = 990DE94C2573479600340A72 /* AlertFactory.swift */; };
		990DE9512573499500340A72 /* AlertFactoryProviding.swift in Sources */ = {isa = PBXBuildFile; fileRef = 990DE9502573499500340A72 /* AlertFactoryProviding.swift */; };
		990DE957257367B800340A72 /* JoinChatResponse.swift in Sources */ = {isa = PBXBuildFile; fileRef = 990DE956257367B800340A72 /* JoinChatResponse.swift */; };
		990DE96D2573A59B00340A72 /* Localizable.strings in Resources */ = {isa = PBXBuildFile; fileRef = 990DE96F2573A59B00340A72 /* Localizable.strings */; };
		990DE9782573A67C00340A72 /* String+.swift in Sources */ = {isa = PBXBuildFile; fileRef = 990DE9772573A67C00340A72 /* String+.swift */; };
		990DE97C2573A80B00340A72 /* Strings.swift in Sources */ = {isa = PBXBuildFile; fileRef = 990DE97B2573A80B00340A72 /* Strings.swift */; };
		9932CF5B256CC6A4002459D0 /* HomeViewReactor.swift in Sources */ = {isa = PBXBuildFile; fileRef = 9932CF5A256CC6A4002459D0 /* HomeViewReactor.swift */; };
		993AF66F2574DBE200416692 /* CreateRoom.graphql in Resources */ = {isa = PBXBuildFile; fileRef = 993AF66E2574DBE100416692 /* CreateRoom.graphql */; };
		993AF6792574DF2F00416692 /* CreateRoomResponse.swift in Sources */ = {isa = PBXBuildFile; fileRef = 993AF6782574DF2F00416692 /* CreateRoomResponse.swift */; };
		993AF67D2574E3E200416692 /* HomeError.swift in Sources */ = {isa = PBXBuildFile; fileRef = 993AF67C2574E3E200416692 /* HomeError.swift */; };
		993AF698257517AE00416692 /* KeyboardProviding.swift in Sources */ = {isa = PBXBuildFile; fileRef = 993AF697257517AE00416692 /* KeyboardProviding.swift */; };
		99482D9B2578874000802B45 /* PapagoAPIManager.swift in Sources */ = {isa = PBXBuildFile; fileRef = 99482D9A2578874000802B45 /* PapagoAPIManager.swift */; };
		99482DA72578AF8900802B45 /* TranslatedMessageCell.swift in Sources */ = {isa = PBXBuildFile; fileRef = 99482DA62578AF8900802B45 /* TranslatedMessageCell.swift */; };
		99482DFD2579425400802B45 /* RevisionedData.swift in Sources */ = {isa = PBXBuildFile; fileRef = 99482DFC2579425400802B45 /* RevisionedData.swift */; };
		99482E57257B558700802B45 /* HomeCoordinator.swift in Sources */ = {isa = PBXBuildFile; fileRef = 99482E56257B558700802B45 /* HomeCoordinator.swift */; };
		99482E5B257B63E100802B45 /* ChatCoordinator.swift in Sources */ = {isa = PBXBuildFile; fileRef = 99482E5A257B63E100802B45 /* ChatCoordinator.swift */; };
		99482E5F257BA37F00802B45 /* HomeCoordinating.swift in Sources */ = {isa = PBXBuildFile; fileRef = 99482E5E257BA37E00802B45 /* HomeCoordinating.swift */; };
		99482E63257BA39B00802B45 /* MainCoordinating.swift in Sources */ = {isa = PBXBuildFile; fileRef = 99482E62257BA39B00802B45 /* MainCoordinating.swift */; };
		99482E67257BA3B200802B45 /* ChatCoordinating.swift in Sources */ = {isa = PBXBuildFile; fileRef = 99482E66257BA3B200802B45 /* ChatCoordinating.swift */; };
		99482E81257BE06D00802B45 /* SpeechButton.swift in Sources */ = {isa = PBXBuildFile; fileRef = 99482E80257BE06C00802B45 /* SpeechButton.swift */; };
		99482E8B257CB91D00802B45 /* PapagoAPIServiceProviding.swift in Sources */ = {isa = PBXBuildFile; fileRef = 99482E8A257CB91D00802B45 /* PapagoAPIServiceProviding.swift */; };
		99482E99257CEE2500802B45 /* MessageParser.swift in Sources */ = {isa = PBXBuildFile; fileRef = 99482E98257CEE2500802B45 /* MessageParser.swift */; };
		99482EA1257CEFD200802B45 /* API.swift in Sources */ = {isa = PBXBuildFile; fileRef = 99482EA0257CEFD200802B45 /* API.swift */; };
		99482EAD257DB34800802B45 /* SentMessageBubbleTail.swift in Sources */ = {isa = PBXBuildFile; fileRef = 99482EAC257DB34700802B45 /* SentMessageBubbleTail.swift */; };
		99482EB1257DB35200802B45 /* ReceivedMessageBubbleTail.swift in Sources */ = {isa = PBXBuildFile; fileRef = 99482EB0257DB35200802B45 /* ReceivedMessageBubbleTail.swift */; };
		99482ED8257E3D0400802B45 /* LaunchScreenViewController.swift in Sources */ = {isa = PBXBuildFile; fileRef = 99482ED7257E3D0400802B45 /* LaunchScreenViewController.swift */; };
		99482EE6257E537700802B45 /* RoundShadowButton.swift in Sources */ = {isa = PBXBuildFile; fileRef = 99482EE5257E537700802B45 /* RoundShadowButton.swift */; };
		99482F2A257FA10200802B45 /* ChatDrawerReactorTests.swift in Sources */ = {isa = PBXBuildFile; fileRef = 99482F29257FA10200802B45 /* ChatDrawerReactorTests.swift */; };
		99482F2D257FA13000802B45 /* ChatDrawerViewReactor.swift in Sources */ = {isa = PBXBuildFile; fileRef = BB38252A25740B22000425FD /* ChatDrawerViewReactor.swift */; };
		99482EF0257F7C9C00802B45 /* SpeechReactorTests.swift in Sources */ = {isa = PBXBuildFile; fileRef = 99482EEF257F7C9C00802B45 /* SpeechReactorTests.swift */; };
		99482EF5257F7CE600802B45 /* SpeechViewReactor.swift in Sources */ = {isa = PBXBuildFile; fileRef = BB15A58E25776D2F0006D258 /* SpeechViewReactor.swift */; };
		99482EF8257F7D0700802B45 /* PapagoAPIServiceProviding.swift in Sources */ = {isa = PBXBuildFile; fileRef = 99482E8A257CB91D00802B45 /* PapagoAPIServiceProviding.swift */; };
		99482F05257F7DA400802B45 /* PapagoAPIServiceMock.swift in Sources */ = {isa = PBXBuildFile; fileRef = 99482F04257F7DA400802B45 /* PapagoAPIServiceMock.swift */; };
		99482F12257F7EE700802B45 /* TranslationRequest.swift in Sources */ = {isa = PBXBuildFile; fileRef = BB4814C72577DCC800CFA6DB /* TranslationRequest.swift */; };
		99482F13257F7EE800802B45 /* TranslationRequest.swift in Sources */ = {isa = PBXBuildFile; fileRef = BB4814C72577DCC800CFA6DB /* TranslationRequest.swift */; };
		99482F19257F826800802B45 /* SpeechServiceProviding.swift in Sources */ = {isa = PBXBuildFile; fileRef = 99482F18257F826800802B45 /* SpeechServiceProviding.swift */; };
		99482F1F257F83D300802B45 /* SpeechManagerMock.swift in Sources */ = {isa = PBXBuildFile; fileRef = 99482F1E257F83D300802B45 /* SpeechManagerMock.swift */; };
		99482F24257F83E900802B45 /* SpeechServiceProviding.swift in Sources */ = {isa = PBXBuildFile; fileRef = 99482F18257F826800802B45 /* SpeechServiceProviding.swift */; };
		995BE99F2575DF9400C15AC7 /* Coordinator.swift in Sources */ = {isa = PBXBuildFile; fileRef = 995BE99E2575DF9400C15AC7 /* Coordinator.swift */; };
		995BE9AB2575E8E500C15AC7 /* MainCoordinator.swift in Sources */ = {isa = PBXBuildFile; fileRef = 995BE9AA2575E8E500C15AC7 /* MainCoordinator.swift */; };
		995BE9C32576093400C15AC7 /* schema.json in Resources */ = {isa = PBXBuildFile; fileRef = 995BE9C22576093400C15AC7 /* schema.json */; };
		995BE9C725760ADD00C15AC7 /* FindRoomByID.graphql in Resources */ = {isa = PBXBuildFile; fileRef = 995BE9C625760ADD00C15AC7 /* FindRoomByID.graphql */; };
		995BE9D1257621B700C15AC7 /* UserDataProvider.swift in Sources */ = {isa = PBXBuildFile; fileRef = 995BE9D0257621B700C15AC7 /* UserDataProvider.swift */; };
		995BE9D525762AC500C15AC7 /* UserDataProviding.swift in Sources */ = {isa = PBXBuildFile; fileRef = 995BE9D425762AC500C15AC7 /* UserDataProviding.swift */; };
		995BE9F72576350A00C15AC7 /* TranslatedResult.swift in Sources */ = {isa = PBXBuildFile; fileRef = 995BE9F62576350A00C15AC7 /* TranslatedResult.swift */; };
		996479372576854900CFF202 /* MessageText.swift in Sources */ = {isa = PBXBuildFile; fileRef = 996479362576854900CFF202 /* MessageText.swift */; };
		9964793B2576901200CFF202 /* InputBarTextView.swift in Sources */ = {isa = PBXBuildFile; fileRef = 9964793A2576901200CFF202 /* InputBarTextView.swift */; };
		9964795325769BD500CFF202 /* ChatRoomInfo.swift in Sources */ = {isa = PBXBuildFile; fileRef = 9964795225769BD500CFF202 /* ChatRoomInfo.swift */; };
		9964797E2577670A00CFF202 /* MicrophoneButton.swift in Sources */ = {isa = PBXBuildFile; fileRef = 9964797D2577670A00CFF202 /* MicrophoneButton.swift */; };
		996479922577BF4900CFF202 /* SpeechViewDelegate.swift in Sources */ = {isa = PBXBuildFile; fileRef = 996479912577BF4900CFF202 /* SpeechViewDelegate.swift */; };
		996479962577BFAA00CFF202 /* ChatViewController+SpeechViewDelegate.swift in Sources */ = {isa = PBXBuildFile; fileRef = 996479952577BFAA00CFF202 /* ChatViewController+SpeechViewDelegate.swift */; };
		996A1433256D040B00F21215 /* ImageFactory.swift in Sources */ = {isa = PBXBuildFile; fileRef = 996A1432256D040B00F21215 /* ImageFactory.swift */; };
		996A1446256D187900F21215 /* ImageFactoryProviding.swift in Sources */ = {isa = PBXBuildFile; fileRef = 996A1445256D187900F21215 /* ImageFactoryProviding.swift */; };
		996A145D256D324600F21215 /* LanguageSelectionViewController.swift in Sources */ = {isa = PBXBuildFile; fileRef = 996A145C256D324600F21215 /* LanguageSelectionViewController.swift */; };
		996A1463256D364C00F21215 /* UIViewController+.swift in Sources */ = {isa = PBXBuildFile; fileRef = 996A1462256D364C00F21215 /* UIViewController+.swift */; };
		996A1467256D3A5F00F21215 /* Language.swift in Sources */ = {isa = PBXBuildFile; fileRef = 996A1466256D3A5F00F21215 /* Language.swift */; };
		996A146B256D5B6200F21215 /* Locale+.swift in Sources */ = {isa = PBXBuildFile; fileRef = 996A146A256D5B6200F21215 /* Locale+.swift */; };
		996C4E51256E7BF90015F9F4 /* ApolloNetworkService.swift in Sources */ = {isa = PBXBuildFile; fileRef = 996C4E50256E7BF90015F9F4 /* ApolloNetworkService.swift */; };
		996C4E57256E7F0F0015F9F4 /* APIEndPoint.swift in Sources */ = {isa = PBXBuildFile; fileRef = 996C4E56256E7F0F0015F9F4 /* APIEndPoint.swift */; };
		996C4E92257005C20015F9F4 /* SentMessageCell.swift in Sources */ = {isa = PBXBuildFile; fileRef = 996C4E91257005C20015F9F4 /* SentMessageCell.swift */; };
		996C4E98257006670015F9F4 /* ReceivedMessageCell.swift in Sources */ = {isa = PBXBuildFile; fileRef = 996C4E97257006670015F9F4 /* ReceivedMessageCell.swift */; };
		99A2766B256687D1008BD24C /* .swiftlint.yml in Resources */ = {isa = PBXBuildFile; fileRef = 99A2766A256687D1008BD24C /* .swiftlint.yml */; };
		99A2768425668EFA008BD24C /* HomeViewController.swift in Sources */ = {isa = PBXBuildFile; fileRef = 99A2768325668EFA008BD24C /* HomeViewController.swift */; };
		BAAC70519C9ECD089A8DBAFE /* Pods_PapagoTalkTests.framework in Frameworks */ = {isa = PBXBuildFile; fileRef = 68E0A5672F4C09FEC3520B34 /* Pods_PapagoTalkTests.framework */; };
		BB1200A125701B4000CC8020 /* RxSwift+.swift in Sources */ = {isa = PBXBuildFile; fileRef = BB1200A025701B4000CC8020 /* RxSwift+.swift */; };
		BB15693E257F5ADA00A2C0F9 /* ApolloNetworkServiceMockFailure.swift in Sources */ = {isa = PBXBuildFile; fileRef = BB15693D257F5ADA00A2C0F9 /* ApolloNetworkServiceMockFailure.swift */; };
		BB15A5872577690F0006D258 /* SpeechViewController.swift in Sources */ = {isa = PBXBuildFile; fileRef = BB15A5862577690F0006D258 /* SpeechViewController.swift */; };
		BB15A58F25776D2F0006D258 /* SpeechViewReactor.swift in Sources */ = {isa = PBXBuildFile; fileRef = BB15A58E25776D2F0006D258 /* SpeechViewReactor.swift */; };
		BB1FFD1525761BB100E4668C /* ChatDrawerState.swift in Sources */ = {isa = PBXBuildFile; fileRef = BB1FFD1425761BB100E4668C /* ChatDrawerState.swift */; };
		BB20F4C625738D2C00C5AC1D /* UserDefault.swift in Sources */ = {isa = PBXBuildFile; fileRef = BB20F4C525738D2C00C5AC1D /* UserDefault.swift */; };
		BB20F4D7257394D800C5AC1D /* Data+.swift in Sources */ = {isa = PBXBuildFile; fileRef = BB20F4D6257394D800C5AC1D /* Data+.swift */; };
		BB20F4DB257394F800C5AC1D /* Encodable+.swift in Sources */ = {isa = PBXBuildFile; fileRef = BB20F4DA257394F800C5AC1D /* Encodable+.swift */; };
		BB20F4DF2573959500C5AC1D /* UserDefaultType.swift in Sources */ = {isa = PBXBuildFile; fileRef = BB20F4DE2573959500C5AC1D /* UserDefaultType.swift */; };
		BB23C09B2576979C001D74A0 /* NetworkError.swift in Sources */ = {isa = PBXBuildFile; fileRef = BB23C09A2576979C001D74A0 /* NetworkError.swift */; };
		BB23C0A12576AABB001D74A0 /* NetworkServiceProviding.swift in Sources */ = {isa = PBXBuildFile; fileRef = BB23C0A02576AABB001D74A0 /* NetworkServiceProviding.swift */; };
		BB3825252574050A000425FD /* ChatDrawerViewController.swift in Sources */ = {isa = PBXBuildFile; fileRef = BB3825242574050A000425FD /* ChatDrawerViewController.swift */; };
		BB38252B25740B22000425FD /* ChatDrawerViewReactor.swift in Sources */ = {isa = PBXBuildFile; fileRef = BB38252A25740B22000425FD /* ChatDrawerViewReactor.swift */; };
		BB48149E2577D64D00CFA6DB /* URLSessionNetworkService.swift in Sources */ = {isa = PBXBuildFile; fileRef = BB48149D2577D64D00CFA6DB /* URLSessionNetworkService.swift */; };
		BB4814A22577D79B00CFA6DB /* HTTPMethod.swift in Sources */ = {isa = PBXBuildFile; fileRef = BB4814A12577D79B00CFA6DB /* HTTPMethod.swift */; };
		BB4814CC2577DCE400CFA6DB /* TranslationResponse.swift in Sources */ = {isa = PBXBuildFile; fileRef = BB4814CB2577DCE400CFA6DB /* TranslationResponse.swift */; };
		BB52F51B2570977300B7577B /* UICollectionReusableView+.swift in Sources */ = {isa = PBXBuildFile; fileRef = BB52F51A2570977300B7577B /* UICollectionReusableView+.swift */; };
		BB6F7EC0256D697500D66F8E /* ChatViewController.swift in Sources */ = {isa = PBXBuildFile; fileRef = BB6F7EBF256D697500D66F8E /* ChatViewController.swift */; };
		BB6F7EC4256D698B00D66F8E /* ChatViewReactor.swift in Sources */ = {isa = PBXBuildFile; fileRef = BB6F7EC3256D698B00D66F8E /* ChatViewReactor.swift */; };
		BB6F7ED3256D799B00D66F8E /* Constant.swift in Sources */ = {isa = PBXBuildFile; fileRef = BB6F7ED2256D799B00D66F8E /* Constant.swift */; };
		BB7AB0152577B49400D9EDF7 /* SpeechManager.swift in Sources */ = {isa = PBXBuildFile; fileRef = BB7AB0142577B49400D9EDF7 /* SpeechManager.swift */; };
		BB93C290257526DD00C68491 /* MessageType.swift in Sources */ = {isa = PBXBuildFile; fileRef = BB93C28F257526DD00C68491 /* MessageType.swift */; };
		BB93C2942575345200C68491 /* Calendar+.swift in Sources */ = {isa = PBXBuildFile; fileRef = BB93C2932575345200C68491 /* Calendar+.swift */; };
		BB9725A8256FA5DD00C4938D /* MessageBox.swift in Sources */ = {isa = PBXBuildFile; fileRef = BB9725A7256FA5DD00C4938D /* MessageBox.swift */; };
		BB97AE08256CDC0400307DAD /* UIView+.swift in Sources */ = {isa = PBXBuildFile; fileRef = BB97AE07256CDC0400307DAD /* UIView+.swift */; };
		BB987E74257F470B00F4C258 /* HomeReactorTests.swift in Sources */ = {isa = PBXBuildFile; fileRef = BB0B6EA5257EB307005EDF22 /* HomeReactorTests.swift */; };
		BB987E75257F470B00F4C258 /* ApolloNetworkServiceMockSuccess.swift in Sources */ = {isa = PBXBuildFile; fileRef = BB0B6EEB257F3681005EDF22 /* ApolloNetworkServiceMockSuccess.swift */; };
		BB987E81257F4CA800F4C258 /* AlertFactoryStub.swift in Sources */ = {isa = PBXBuildFile; fileRef = BB987E80257F4CA800F4C258 /* AlertFactoryStub.swift */; };
		BB987E87257F4CD100F4C258 /* UserDataProviderMock.swift in Sources */ = {isa = PBXBuildFile; fileRef = BB987E86257F4CD100F4C258 /* UserDataProviderMock.swift */; };
		BB987E8B257F4CF800F4C258 /* ImageFactoryStub.swift in Sources */ = {isa = PBXBuildFile; fileRef = BB987E8A257F4CF800F4C258 /* ImageFactoryStub.swift */; };
		BB987E91257F4E3D00F4C258 /* ImageFactoryProviding.swift in Sources */ = {isa = PBXBuildFile; fileRef = 996A1445256D187900F21215 /* ImageFactoryProviding.swift */; };
		BB987E94257F4E5300F4C258 /* AlertFactoryProviding.swift in Sources */ = {isa = PBXBuildFile; fileRef = 990DE9502573499500340A72 /* AlertFactoryProviding.swift */; };
		BB987E97257F4E6200F4C258 /* UserDataProviding.swift in Sources */ = {isa = PBXBuildFile; fileRef = 995BE9D425762AC500C15AC7 /* UserDataProviding.swift */; };
		BB987E9A257F4EA700F4C258 /* User.swift in Sources */ = {isa = PBXBuildFile; fileRef = BBEA1A5F256F46FE009B8B5F /* User.swift */; };
		BB987E9D257F4EAC00F4C258 /* Language.swift in Sources */ = {isa = PBXBuildFile; fileRef = 996A1466256D3A5F00F21215 /* Language.swift */; };
		BB987EA0257F4EE400F4C258 /* ImageFactory.swift in Sources */ = {isa = PBXBuildFile; fileRef = 996A1432256D040B00F21215 /* ImageFactory.swift */; };
		BB987EA3257F4F0200F4C258 /* Strings.swift in Sources */ = {isa = PBXBuildFile; fileRef = 990DE97B2573A80B00340A72 /* Strings.swift */; };
		BB987EA6257F4F3C00F4C258 /* API.swift in Sources */ = {isa = PBXBuildFile; fileRef = 99482EA0257CEFD200802B45 /* API.swift */; };
		BB987EA9257F4F5C00F4C258 /* HomeViewReactor.swift in Sources */ = {isa = PBXBuildFile; fileRef = 9932CF5A256CC6A4002459D0 /* HomeViewReactor.swift */; };
		BB987EAC257F4F8100F4C258 /* Locale+.swift in Sources */ = {isa = PBXBuildFile; fileRef = 996A146A256D5B6200F21215 /* Locale+.swift */; };
		BB987EAF257F4F9600F4C258 /* String+.swift in Sources */ = {isa = PBXBuildFile; fileRef = 990DE9772573A67C00340A72 /* String+.swift */; };
		BB987EB2257F4FE400F4C258 /* JoinChatError.swift in Sources */ = {isa = PBXBuildFile; fileRef = 990DE946257336D900340A72 /* JoinChatError.swift */; };
		BB987EB5257F4FE600F4C258 /* HomeError.swift in Sources */ = {isa = PBXBuildFile; fileRef = 993AF67C2574E3E200416692 /* HomeError.swift */; };
		BB987EB8257F4FF200F4C258 /* RevisionedData.swift in Sources */ = {isa = PBXBuildFile; fileRef = 99482DFC2579425400802B45 /* RevisionedData.swift */; };
		BB987EBB257F4FFB00F4C258 /* NetworkServiceProviding.swift in Sources */ = {isa = PBXBuildFile; fileRef = BB23C0A02576AABB001D74A0 /* NetworkServiceProviding.swift */; };
		BB987EBE257F503000F4C258 /* NetworkError.swift in Sources */ = {isa = PBXBuildFile; fileRef = BB23C09A2576979C001D74A0 /* NetworkError.swift */; };
		BB987EC1257F503700F4C258 /* JoinChatResponse.swift in Sources */ = {isa = PBXBuildFile; fileRef = 990DE956257367B800340A72 /* JoinChatResponse.swift */; };
		BB987EC4257F503900F4C258 /* CreateRoomResponse.swift in Sources */ = {isa = PBXBuildFile; fileRef = 993AF6782574DF2F00416692 /* CreateRoomResponse.swift */; };
		BB987EC7257F505900F4C258 /* Constant.swift in Sources */ = {isa = PBXBuildFile; fileRef = BB6F7ED2256D799B00D66F8E /* Constant.swift */; };
		BB9A86A02574879500FE14D6 /* ChatDrawerUserCell.swift in Sources */ = {isa = PBXBuildFile; fileRef = BB9A869F2574879500FE14D6 /* ChatDrawerUserCell.swift */; };
		BB9A86A4257487C800FE14D6 /* MessageCell.swift in Sources */ = {isa = PBXBuildFile; fileRef = BB9A86A3257487C800FE14D6 /* MessageCell.swift */; };
		BBC5B31C257E089900739CD8 /* KeychainAccess.swift in Sources */ = {isa = PBXBuildFile; fileRef = BBC5B31B257E089900739CD8 /* KeychainAccess.swift */; };
		BBC5B322257E0CFC00739CD8 /* KeychainError.swift in Sources */ = {isa = PBXBuildFile; fileRef = BBC5B321257E0CFC00739CD8 /* KeychainError.swift */; };
		BBC5B328257E0E4500739CD8 /* Keychain.swift in Sources */ = {isa = PBXBuildFile; fileRef = BBC5B327257E0E4500739CD8 /* Keychain.swift */; };
		BBE140772573D374000B0604 /* DateFormatter+.swift in Sources */ = {isa = PBXBuildFile; fileRef = BBE140762573D374000B0604 /* DateFormatter+.swift */; };
		BBEA1A5C256F4678009B8B5F /* Message.swift in Sources */ = {isa = PBXBuildFile; fileRef = BBEA1A5B256F4678009B8B5F /* Message.swift */; };
		BBEA1A60256F46FE009B8B5F /* User.swift in Sources */ = {isa = PBXBuildFile; fileRef = BBEA1A5F256F46FE009B8B5F /* User.swift */; };
		BBF2DC9D256674A300F2EA7D /* AppDelegate.swift in Sources */ = {isa = PBXBuildFile; fileRef = BBF2DC9C256674A300F2EA7D /* AppDelegate.swift */; };
		BBF2DC9F256674A300F2EA7D /* SceneDelegate.swift in Sources */ = {isa = PBXBuildFile; fileRef = BBF2DC9E256674A300F2EA7D /* SceneDelegate.swift */; };
		BBF2DCA4256674A300F2EA7D /* Main.storyboard in Resources */ = {isa = PBXBuildFile; fileRef = BBF2DCA2256674A300F2EA7D /* Main.storyboard */; };
		BBF2DCA6256674A500F2EA7D /* Assets.xcassets in Resources */ = {isa = PBXBuildFile; fileRef = BBF2DCA5256674A500F2EA7D /* Assets.xcassets */; };
		BBF2DCA9256674A500F2EA7D /* LaunchScreen.storyboard in Resources */ = {isa = PBXBuildFile; fileRef = BBF2DCA7256674A500F2EA7D /* LaunchScreen.storyboard */; };
		BBF2DCB4256674A500F2EA7D /* PapagoTalkTests.swift in Sources */ = {isa = PBXBuildFile; fileRef = BBF2DCB3256674A500F2EA7D /* PapagoTalkTests.swift */; };
/* End PBXBuildFile section */

/* Begin PBXContainerItemProxy section */
		BBF2DCB0256674A500F2EA7D /* PBXContainerItemProxy */ = {
			isa = PBXContainerItemProxy;
			containerPortal = BBF2DC91256674A300F2EA7D /* Project object */;
			proxyType = 1;
			remoteGlobalIDString = BBF2DC98256674A300F2EA7D;
			remoteInfo = PapagoTalk;
		};
/* End PBXContainerItemProxy section */

/* Begin PBXFileReference section */
		110AE697DEAC9E4A5369FF3D /* Pods-PapagoTalk.release.xcconfig */ = {isa = PBXFileReference; includeInIndex = 1; lastKnownFileType = text.xcconfig; name = "Pods-PapagoTalk.release.xcconfig"; path = "Target Support Files/Pods-PapagoTalk/Pods-PapagoTalk.release.xcconfig"; sourceTree = "<group>"; };
		68E0A5672F4C09FEC3520B34 /* Pods_PapagoTalkTests.framework */ = {isa = PBXFileReference; explicitFileType = wrapper.framework; includeInIndex = 0; path = Pods_PapagoTalkTests.framework; sourceTree = BUILT_PRODUCTS_DIR; };
		9724353B0AE530300B9CAC1B /* Pods-PapagoTalkTests.release.xcconfig */ = {isa = PBXFileReference; includeInIndex = 1; lastKnownFileType = text.xcconfig; name = "Pods-PapagoTalkTests.release.xcconfig"; path = "Target Support Files/Pods-PapagoTalkTests/Pods-PapagoTalkTests.release.xcconfig"; sourceTree = "<group>"; };
		990DE922257265BB00340A72 /* ChatCodeInputViewController.swift */ = {isa = PBXFileReference; lastKnownFileType = sourcecode.swift; path = ChatCodeInputViewController.swift; sourceTree = "<group>"; };
		990DE9282572665400340A72 /* ChatCodeInputViewReactor.swift */ = {isa = PBXFileReference; lastKnownFileType = sourcecode.swift; path = ChatCodeInputViewReactor.swift; sourceTree = "<group>"; };
		990DE92C2572836B00340A72 /* EnterRoom.graphql */ = {isa = PBXFileReference; lastKnownFileType = text; path = EnterRoom.graphql; sourceTree = "<group>"; };
		990DE9382572860500340A72 /* SendMessage.graphql */ = {isa = PBXFileReference; lastKnownFileType = text; path = SendMessage.graphql; sourceTree = "<group>"; };
		990DE946257336D900340A72 /* JoinChatError.swift */ = {isa = PBXFileReference; lastKnownFileType = sourcecode.swift; path = JoinChatError.swift; sourceTree = "<group>"; };
		990DE94C2573479600340A72 /* AlertFactory.swift */ = {isa = PBXFileReference; lastKnownFileType = sourcecode.swift; path = AlertFactory.swift; sourceTree = "<group>"; };
		990DE9502573499500340A72 /* AlertFactoryProviding.swift */ = {isa = PBXFileReference; lastKnownFileType = sourcecode.swift; path = AlertFactoryProviding.swift; sourceTree = "<group>"; };
		990DE956257367B800340A72 /* JoinChatResponse.swift */ = {isa = PBXFileReference; lastKnownFileType = sourcecode.swift; path = JoinChatResponse.swift; sourceTree = "<group>"; };
		990DE96E2573A59B00340A72 /* en */ = {isa = PBXFileReference; lastKnownFileType = text.plist.strings; name = en; path = en.lproj/Localizable.strings; sourceTree = "<group>"; };
		990DE9722573A5FF00340A72 /* ko */ = {isa = PBXFileReference; lastKnownFileType = text.plist.strings; name = ko; path = ko.lproj/Main.strings; sourceTree = "<group>"; };
		990DE9732573A5FF00340A72 /* ko */ = {isa = PBXFileReference; lastKnownFileType = text.plist.strings; name = ko; path = ko.lproj/LaunchScreen.strings; sourceTree = "<group>"; };
		990DE9742573A5FF00340A72 /* ko */ = {isa = PBXFileReference; lastKnownFileType = text.plist.strings; name = ko; path = ko.lproj/Localizable.strings; sourceTree = "<group>"; };
		990DE9772573A67C00340A72 /* String+.swift */ = {isa = PBXFileReference; lastKnownFileType = sourcecode.swift; path = "String+.swift"; sourceTree = "<group>"; };
		990DE97B2573A80B00340A72 /* Strings.swift */ = {isa = PBXFileReference; lastKnownFileType = sourcecode.swift; path = Strings.swift; sourceTree = "<group>"; };
		9932CF5A256CC6A4002459D0 /* HomeViewReactor.swift */ = {isa = PBXFileReference; lastKnownFileType = sourcecode.swift; path = HomeViewReactor.swift; sourceTree = "<group>"; };
		993AF66E2574DBE100416692 /* CreateRoom.graphql */ = {isa = PBXFileReference; lastKnownFileType = text; path = CreateRoom.graphql; sourceTree = "<group>"; };
		993AF6782574DF2F00416692 /* CreateRoomResponse.swift */ = {isa = PBXFileReference; lastKnownFileType = sourcecode.swift; path = CreateRoomResponse.swift; sourceTree = "<group>"; };
		993AF67C2574E3E200416692 /* HomeError.swift */ = {isa = PBXFileReference; lastKnownFileType = sourcecode.swift; path = HomeError.swift; sourceTree = "<group>"; };
		993AF697257517AE00416692 /* KeyboardProviding.swift */ = {isa = PBXFileReference; lastKnownFileType = sourcecode.swift; path = KeyboardProviding.swift; sourceTree = "<group>"; };
		99482D9A2578874000802B45 /* PapagoAPIManager.swift */ = {isa = PBXFileReference; lastKnownFileType = sourcecode.swift; path = PapagoAPIManager.swift; sourceTree = "<group>"; };
		99482DA62578AF8900802B45 /* TranslatedMessageCell.swift */ = {isa = PBXFileReference; lastKnownFileType = sourcecode.swift; path = TranslatedMessageCell.swift; sourceTree = "<group>"; };
		99482DFC2579425400802B45 /* RevisionedData.swift */ = {isa = PBXFileReference; lastKnownFileType = sourcecode.swift; path = RevisionedData.swift; sourceTree = "<group>"; };
		99482E56257B558700802B45 /* HomeCoordinator.swift */ = {isa = PBXFileReference; lastKnownFileType = sourcecode.swift; path = HomeCoordinator.swift; sourceTree = "<group>"; };
		99482E5A257B63E100802B45 /* ChatCoordinator.swift */ = {isa = PBXFileReference; lastKnownFileType = sourcecode.swift; path = ChatCoordinator.swift; sourceTree = "<group>"; };
		99482E5E257BA37E00802B45 /* HomeCoordinating.swift */ = {isa = PBXFileReference; lastKnownFileType = sourcecode.swift; path = HomeCoordinating.swift; sourceTree = "<group>"; };
		99482E62257BA39B00802B45 /* MainCoordinating.swift */ = {isa = PBXFileReference; lastKnownFileType = sourcecode.swift; path = MainCoordinating.swift; sourceTree = "<group>"; };
		99482E66257BA3B200802B45 /* ChatCoordinating.swift */ = {isa = PBXFileReference; lastKnownFileType = sourcecode.swift; path = ChatCoordinating.swift; sourceTree = "<group>"; };
		99482E80257BE06C00802B45 /* SpeechButton.swift */ = {isa = PBXFileReference; lastKnownFileType = sourcecode.swift; path = SpeechButton.swift; sourceTree = "<group>"; };
		99482E8A257CB91D00802B45 /* PapagoAPIServiceProviding.swift */ = {isa = PBXFileReference; lastKnownFileType = sourcecode.swift; path = PapagoAPIServiceProviding.swift; sourceTree = "<group>"; };
		99482E98257CEE2500802B45 /* MessageParser.swift */ = {isa = PBXFileReference; lastKnownFileType = sourcecode.swift; path = MessageParser.swift; sourceTree = "<group>"; };
		99482EA0257CEFD200802B45 /* API.swift */ = {isa = PBXFileReference; fileEncoding = 4; lastKnownFileType = sourcecode.swift; path = API.swift; sourceTree = "<group>"; };
		99482EAC257DB34700802B45 /* SentMessageBubbleTail.swift */ = {isa = PBXFileReference; fileEncoding = 4; lastKnownFileType = sourcecode.swift; path = SentMessageBubbleTail.swift; sourceTree = "<group>"; };
		99482EB0257DB35200802B45 /* ReceivedMessageBubbleTail.swift */ = {isa = PBXFileReference; fileEncoding = 4; lastKnownFileType = sourcecode.swift; path = ReceivedMessageBubbleTail.swift; sourceTree = "<group>"; };
		99482ED7257E3D0400802B45 /* LaunchScreenViewController.swift */ = {isa = PBXFileReference; lastKnownFileType = sourcecode.swift; path = LaunchScreenViewController.swift; sourceTree = "<group>"; };
		99482EE5257E537700802B45 /* RoundShadowButton.swift */ = {isa = PBXFileReference; lastKnownFileType = sourcecode.swift; path = RoundShadowButton.swift; sourceTree = "<group>"; };
		99482F29257FA10200802B45 /* ChatDrawerReactorTests.swift */ = {isa = PBXFileReference; lastKnownFileType = sourcecode.swift; path = ChatDrawerReactorTests.swift; sourceTree = "<group>"; };
		99482EEF257F7C9C00802B45 /* SpeechReactorTests.swift */ = {isa = PBXFileReference; lastKnownFileType = sourcecode.swift; path = SpeechReactorTests.swift; sourceTree = "<group>"; };
		99482F04257F7DA400802B45 /* PapagoAPIServiceMock.swift */ = {isa = PBXFileReference; lastKnownFileType = sourcecode.swift; path = PapagoAPIServiceMock.swift; sourceTree = "<group>"; };
		99482F18257F826800802B45 /* SpeechServiceProviding.swift */ = {isa = PBXFileReference; lastKnownFileType = sourcecode.swift; path = SpeechServiceProviding.swift; sourceTree = "<group>"; };
		99482F1E257F83D300802B45 /* SpeechManagerMock.swift */ = {isa = PBXFileReference; lastKnownFileType = sourcecode.swift; path = SpeechManagerMock.swift; sourceTree = "<group>"; };
		995BE99E2575DF9400C15AC7 /* Coordinator.swift */ = {isa = PBXFileReference; lastKnownFileType = sourcecode.swift; path = Coordinator.swift; sourceTree = "<group>"; };
		995BE9AA2575E8E500C15AC7 /* MainCoordinator.swift */ = {isa = PBXFileReference; lastKnownFileType = sourcecode.swift; path = MainCoordinator.swift; sourceTree = "<group>"; };
		995BE9C22576093400C15AC7 /* schema.json */ = {isa = PBXFileReference; fileEncoding = 4; lastKnownFileType = text.json; path = schema.json; sourceTree = "<group>"; };
		995BE9C625760ADD00C15AC7 /* FindRoomByID.graphql */ = {isa = PBXFileReference; lastKnownFileType = text; path = FindRoomByID.graphql; sourceTree = "<group>"; };
		995BE9D0257621B700C15AC7 /* UserDataProvider.swift */ = {isa = PBXFileReference; lastKnownFileType = sourcecode.swift; path = UserDataProvider.swift; sourceTree = "<group>"; };
		995BE9D425762AC500C15AC7 /* UserDataProviding.swift */ = {isa = PBXFileReference; lastKnownFileType = sourcecode.swift; path = UserDataProviding.swift; sourceTree = "<group>"; };
		995BE9F62576350A00C15AC7 /* TranslatedResult.swift */ = {isa = PBXFileReference; lastKnownFileType = sourcecode.swift; path = TranslatedResult.swift; sourceTree = "<group>"; };
		996479362576854900CFF202 /* MessageText.swift */ = {isa = PBXFileReference; lastKnownFileType = sourcecode.swift; path = MessageText.swift; sourceTree = "<group>"; };
		9964793A2576901200CFF202 /* InputBarTextView.swift */ = {isa = PBXFileReference; lastKnownFileType = sourcecode.swift; path = InputBarTextView.swift; sourceTree = "<group>"; };
		9964795225769BD500CFF202 /* ChatRoomInfo.swift */ = {isa = PBXFileReference; lastKnownFileType = sourcecode.swift; path = ChatRoomInfo.swift; sourceTree = "<group>"; };
		9964797D2577670A00CFF202 /* MicrophoneButton.swift */ = {isa = PBXFileReference; lastKnownFileType = sourcecode.swift; path = MicrophoneButton.swift; sourceTree = "<group>"; };
		996479912577BF4900CFF202 /* SpeechViewDelegate.swift */ = {isa = PBXFileReference; lastKnownFileType = sourcecode.swift; path = SpeechViewDelegate.swift; sourceTree = "<group>"; };
		996479952577BFAA00CFF202 /* ChatViewController+SpeechViewDelegate.swift */ = {isa = PBXFileReference; lastKnownFileType = sourcecode.swift; path = "ChatViewController+SpeechViewDelegate.swift"; sourceTree = "<group>"; };
		996A1432256D040B00F21215 /* ImageFactory.swift */ = {isa = PBXFileReference; lastKnownFileType = sourcecode.swift; path = ImageFactory.swift; sourceTree = "<group>"; };
		996A1445256D187900F21215 /* ImageFactoryProviding.swift */ = {isa = PBXFileReference; lastKnownFileType = sourcecode.swift; path = ImageFactoryProviding.swift; sourceTree = "<group>"; };
		996A145C256D324600F21215 /* LanguageSelectionViewController.swift */ = {isa = PBXFileReference; lastKnownFileType = sourcecode.swift; path = LanguageSelectionViewController.swift; sourceTree = "<group>"; };
		996A1462256D364C00F21215 /* UIViewController+.swift */ = {isa = PBXFileReference; lastKnownFileType = sourcecode.swift; path = "UIViewController+.swift"; sourceTree = "<group>"; };
		996A1466256D3A5F00F21215 /* Language.swift */ = {isa = PBXFileReference; lastKnownFileType = sourcecode.swift; path = Language.swift; sourceTree = "<group>"; };
		996A146A256D5B6200F21215 /* Locale+.swift */ = {isa = PBXFileReference; lastKnownFileType = sourcecode.swift; path = "Locale+.swift"; sourceTree = "<group>"; };
		996C4E0E256E59AF0015F9F4 /* GetMessage.graphql */ = {isa = PBXFileReference; lastKnownFileType = text; path = GetMessage.graphql; sourceTree = "<group>"; };
		996C4E50256E7BF90015F9F4 /* ApolloNetworkService.swift */ = {isa = PBXFileReference; lastKnownFileType = sourcecode.swift; path = ApolloNetworkService.swift; sourceTree = "<group>"; };
		996C4E56256E7F0F0015F9F4 /* APIEndPoint.swift */ = {isa = PBXFileReference; lastKnownFileType = sourcecode.swift; path = APIEndPoint.swift; sourceTree = "<group>"; };
		996C4E91257005C20015F9F4 /* SentMessageCell.swift */ = {isa = PBXFileReference; lastKnownFileType = sourcecode.swift; path = SentMessageCell.swift; sourceTree = "<group>"; };
		996C4E97257006670015F9F4 /* ReceivedMessageCell.swift */ = {isa = PBXFileReference; lastKnownFileType = sourcecode.swift; path = ReceivedMessageCell.swift; sourceTree = "<group>"; };
		99A2766A256687D1008BD24C /* .swiftlint.yml */ = {isa = PBXFileReference; lastKnownFileType = text.yaml; path = .swiftlint.yml; sourceTree = "<group>"; };
		99A2768325668EFA008BD24C /* HomeViewController.swift */ = {isa = PBXFileReference; lastKnownFileType = sourcecode.swift; path = HomeViewController.swift; sourceTree = "<group>"; };
		AF3D2492C0C0C5E605FF6FBF /* Pods_PapagoTalk.framework */ = {isa = PBXFileReference; explicitFileType = wrapper.framework; includeInIndex = 0; path = Pods_PapagoTalk.framework; sourceTree = BUILT_PRODUCTS_DIR; };
		B7DF5FBC75925F323CE96437 /* Pods-PapagoTalkTests.debug.xcconfig */ = {isa = PBXFileReference; includeInIndex = 1; lastKnownFileType = text.xcconfig; name = "Pods-PapagoTalkTests.debug.xcconfig"; path = "Target Support Files/Pods-PapagoTalkTests/Pods-PapagoTalkTests.debug.xcconfig"; sourceTree = "<group>"; };
		BB0B6EA5257EB307005EDF22 /* HomeReactorTests.swift */ = {isa = PBXFileReference; lastKnownFileType = sourcecode.swift; path = HomeReactorTests.swift; sourceTree = "<group>"; };
		BB0B6EEB257F3681005EDF22 /* ApolloNetworkServiceMockSuccess.swift */ = {isa = PBXFileReference; lastKnownFileType = sourcecode.swift; path = ApolloNetworkServiceMockSuccess.swift; sourceTree = "<group>"; };
		BB1200A025701B4000CC8020 /* RxSwift+.swift */ = {isa = PBXFileReference; lastKnownFileType = sourcecode.swift; path = "RxSwift+.swift"; sourceTree = "<group>"; };
		BB15693D257F5ADA00A2C0F9 /* ApolloNetworkServiceMockFailure.swift */ = {isa = PBXFileReference; lastKnownFileType = sourcecode.swift; path = ApolloNetworkServiceMockFailure.swift; sourceTree = "<group>"; };
		BB15A5862577690F0006D258 /* SpeechViewController.swift */ = {isa = PBXFileReference; lastKnownFileType = sourcecode.swift; path = SpeechViewController.swift; sourceTree = "<group>"; };
		BB15A58E25776D2F0006D258 /* SpeechViewReactor.swift */ = {isa = PBXFileReference; lastKnownFileType = sourcecode.swift; path = SpeechViewReactor.swift; sourceTree = "<group>"; };
		BB1FFD1425761BB100E4668C /* ChatDrawerState.swift */ = {isa = PBXFileReference; lastKnownFileType = sourcecode.swift; path = ChatDrawerState.swift; sourceTree = "<group>"; };
		BB20F4C525738D2C00C5AC1D /* UserDefault.swift */ = {isa = PBXFileReference; lastKnownFileType = sourcecode.swift; path = UserDefault.swift; sourceTree = "<group>"; };
		BB20F4D6257394D800C5AC1D /* Data+.swift */ = {isa = PBXFileReference; lastKnownFileType = sourcecode.swift; path = "Data+.swift"; sourceTree = "<group>"; };
		BB20F4DA257394F800C5AC1D /* Encodable+.swift */ = {isa = PBXFileReference; lastKnownFileType = sourcecode.swift; path = "Encodable+.swift"; sourceTree = "<group>"; };
		BB20F4DE2573959500C5AC1D /* UserDefaultType.swift */ = {isa = PBXFileReference; lastKnownFileType = sourcecode.swift; path = UserDefaultType.swift; sourceTree = "<group>"; };
		BB23C09A2576979C001D74A0 /* NetworkError.swift */ = {isa = PBXFileReference; lastKnownFileType = sourcecode.swift; path = NetworkError.swift; sourceTree = "<group>"; };
		BB23C0A02576AABB001D74A0 /* NetworkServiceProviding.swift */ = {isa = PBXFileReference; lastKnownFileType = sourcecode.swift; path = NetworkServiceProviding.swift; sourceTree = "<group>"; };
		BB3825242574050A000425FD /* ChatDrawerViewController.swift */ = {isa = PBXFileReference; lastKnownFileType = sourcecode.swift; path = ChatDrawerViewController.swift; sourceTree = "<group>"; };
		BB38252A25740B22000425FD /* ChatDrawerViewReactor.swift */ = {isa = PBXFileReference; lastKnownFileType = sourcecode.swift; path = ChatDrawerViewReactor.swift; sourceTree = "<group>"; };
		BB48149D2577D64D00CFA6DB /* URLSessionNetworkService.swift */ = {isa = PBXFileReference; lastKnownFileType = sourcecode.swift; path = URLSessionNetworkService.swift; sourceTree = "<group>"; };
		BB4814A12577D79B00CFA6DB /* HTTPMethod.swift */ = {isa = PBXFileReference; lastKnownFileType = sourcecode.swift; path = HTTPMethod.swift; sourceTree = "<group>"; };
		BB4814C72577DCC800CFA6DB /* TranslationRequest.swift */ = {isa = PBXFileReference; lastKnownFileType = sourcecode.swift; path = TranslationRequest.swift; sourceTree = "<group>"; };
		BB4814CB2577DCE400CFA6DB /* TranslationResponse.swift */ = {isa = PBXFileReference; lastKnownFileType = sourcecode.swift; path = TranslationResponse.swift; sourceTree = "<group>"; };
		BB52F51A2570977300B7577B /* UICollectionReusableView+.swift */ = {isa = PBXFileReference; lastKnownFileType = sourcecode.swift; path = "UICollectionReusableView+.swift"; sourceTree = "<group>"; };
		BB6F7EBF256D697500D66F8E /* ChatViewController.swift */ = {isa = PBXFileReference; lastKnownFileType = sourcecode.swift; path = ChatViewController.swift; sourceTree = "<group>"; };
		BB6F7EC3256D698B00D66F8E /* ChatViewReactor.swift */ = {isa = PBXFileReference; lastKnownFileType = sourcecode.swift; path = ChatViewReactor.swift; sourceTree = "<group>"; };
		BB6F7ED2256D799B00D66F8E /* Constant.swift */ = {isa = PBXFileReference; fileEncoding = 4; lastKnownFileType = sourcecode.swift; path = Constant.swift; sourceTree = "<group>"; };
		BB7AB0142577B49400D9EDF7 /* SpeechManager.swift */ = {isa = PBXFileReference; lastKnownFileType = sourcecode.swift; path = SpeechManager.swift; sourceTree = "<group>"; };
		BB93C28F257526DD00C68491 /* MessageType.swift */ = {isa = PBXFileReference; lastKnownFileType = sourcecode.swift; path = MessageType.swift; sourceTree = "<group>"; };
		BB93C2932575345200C68491 /* Calendar+.swift */ = {isa = PBXFileReference; lastKnownFileType = sourcecode.swift; path = "Calendar+.swift"; sourceTree = "<group>"; };
		BB9725A7256FA5DD00C4938D /* MessageBox.swift */ = {isa = PBXFileReference; lastKnownFileType = sourcecode.swift; path = MessageBox.swift; sourceTree = "<group>"; };
		BB97AE07256CDC0400307DAD /* UIView+.swift */ = {isa = PBXFileReference; lastKnownFileType = sourcecode.swift; path = "UIView+.swift"; sourceTree = "<group>"; };
		BB987E80257F4CA800F4C258 /* AlertFactoryStub.swift */ = {isa = PBXFileReference; lastKnownFileType = sourcecode.swift; path = AlertFactoryStub.swift; sourceTree = "<group>"; };
		BB987E86257F4CD100F4C258 /* UserDataProviderMock.swift */ = {isa = PBXFileReference; lastKnownFileType = sourcecode.swift; path = UserDataProviderMock.swift; sourceTree = "<group>"; };
		BB987E8A257F4CF800F4C258 /* ImageFactoryStub.swift */ = {isa = PBXFileReference; lastKnownFileType = sourcecode.swift; path = ImageFactoryStub.swift; sourceTree = "<group>"; };
		BB9A869F2574879500FE14D6 /* ChatDrawerUserCell.swift */ = {isa = PBXFileReference; lastKnownFileType = sourcecode.swift; path = ChatDrawerUserCell.swift; sourceTree = "<group>"; };
		BB9A86A3257487C800FE14D6 /* MessageCell.swift */ = {isa = PBXFileReference; lastKnownFileType = sourcecode.swift; path = MessageCell.swift; sourceTree = "<group>"; };
		BBC5B31B257E089900739CD8 /* KeychainAccess.swift */ = {isa = PBXFileReference; lastKnownFileType = sourcecode.swift; path = KeychainAccess.swift; sourceTree = "<group>"; };
		BBC5B321257E0CFC00739CD8 /* KeychainError.swift */ = {isa = PBXFileReference; lastKnownFileType = sourcecode.swift; path = KeychainError.swift; sourceTree = "<group>"; };
		BBC5B327257E0E4500739CD8 /* Keychain.swift */ = {isa = PBXFileReference; lastKnownFileType = sourcecode.swift; path = Keychain.swift; sourceTree = "<group>"; };
		BBE140762573D374000B0604 /* DateFormatter+.swift */ = {isa = PBXFileReference; lastKnownFileType = sourcecode.swift; path = "DateFormatter+.swift"; sourceTree = "<group>"; };
		BBEA1A5B256F4678009B8B5F /* Message.swift */ = {isa = PBXFileReference; lastKnownFileType = sourcecode.swift; path = Message.swift; sourceTree = "<group>"; };
		BBEA1A5F256F46FE009B8B5F /* User.swift */ = {isa = PBXFileReference; lastKnownFileType = sourcecode.swift; path = User.swift; sourceTree = "<group>"; };
		BBF2DC99256674A300F2EA7D /* PapagoTalk.app */ = {isa = PBXFileReference; explicitFileType = wrapper.application; includeInIndex = 0; path = PapagoTalk.app; sourceTree = BUILT_PRODUCTS_DIR; };
		BBF2DC9C256674A300F2EA7D /* AppDelegate.swift */ = {isa = PBXFileReference; lastKnownFileType = sourcecode.swift; path = AppDelegate.swift; sourceTree = "<group>"; };
		BBF2DC9E256674A300F2EA7D /* SceneDelegate.swift */ = {isa = PBXFileReference; lastKnownFileType = sourcecode.swift; path = SceneDelegate.swift; sourceTree = "<group>"; };
		BBF2DCA3256674A300F2EA7D /* Base */ = {isa = PBXFileReference; lastKnownFileType = file.storyboard; name = Base; path = Base.lproj/Main.storyboard; sourceTree = "<group>"; };
		BBF2DCA5256674A500F2EA7D /* Assets.xcassets */ = {isa = PBXFileReference; lastKnownFileType = folder.assetcatalog; path = Assets.xcassets; sourceTree = "<group>"; };
		BBF2DCA8256674A500F2EA7D /* Base */ = {isa = PBXFileReference; lastKnownFileType = file.storyboard; name = Base; path = Base.lproj/LaunchScreen.storyboard; sourceTree = "<group>"; };
		BBF2DCAA256674A500F2EA7D /* Info.plist */ = {isa = PBXFileReference; lastKnownFileType = text.plist.xml; path = Info.plist; sourceTree = "<group>"; };
		BBF2DCAF256674A500F2EA7D /* PapagoTalkTests.xctest */ = {isa = PBXFileReference; explicitFileType = wrapper.cfbundle; includeInIndex = 0; path = PapagoTalkTests.xctest; sourceTree = BUILT_PRODUCTS_DIR; };
		BBF2DCB3256674A500F2EA7D /* PapagoTalkTests.swift */ = {isa = PBXFileReference; lastKnownFileType = sourcecode.swift; path = PapagoTalkTests.swift; sourceTree = "<group>"; };
		BBF2DCB5256674A500F2EA7D /* Info.plist */ = {isa = PBXFileReference; lastKnownFileType = text.plist.xml; path = Info.plist; sourceTree = "<group>"; };
		E428797153F8882AB3C663E3 /* Pods-PapagoTalk.debug.xcconfig */ = {isa = PBXFileReference; includeInIndex = 1; lastKnownFileType = text.xcconfig; name = "Pods-PapagoTalk.debug.xcconfig"; path = "Target Support Files/Pods-PapagoTalk/Pods-PapagoTalk.debug.xcconfig"; sourceTree = "<group>"; };
/* End PBXFileReference section */

/* Begin PBXFrameworksBuildPhase section */
		BBF2DC96256674A300F2EA7D /* Frameworks */ = {
			isa = PBXFrameworksBuildPhase;
			buildActionMask = 2147483647;
			files = (
				1E097ADBCF94CEB776E541B7 /* Pods_PapagoTalk.framework in Frameworks */,
			);
			runOnlyForDeploymentPostprocessing = 0;
		};
		BBF2DCAC256674A500F2EA7D /* Frameworks */ = {
			isa = PBXFrameworksBuildPhase;
			buildActionMask = 2147483647;
			files = (
				BAAC70519C9ECD089A8DBAFE /* Pods_PapagoTalkTests.framework in Frameworks */,
			);
			runOnlyForDeploymentPostprocessing = 0;
		};
/* End PBXFrameworksBuildPhase section */

/* Begin PBXGroup section */
		990DE9212572657300340A72 /* ChatCodeInput */ = {
			isa = PBXGroup;
			children = (
				990DE922257265BB00340A72 /* ChatCodeInputViewController.swift */,
				990DE9282572665400340A72 /* ChatCodeInputViewReactor.swift */,
			);
			path = ChatCodeInput;
			sourceTree = "<group>";
		};
		993AF6962575177900416692 /* Util */ = {
			isa = PBXGroup;
			children = (
				993AF697257517AE00416692 /* KeyboardProviding.swift */,
				99482DFC2579425400802B45 /* RevisionedData.swift */,
			);
			path = Util;
			sourceTree = "<group>";
		};
		99482E86257CB7A600802B45 /* Speech */ = {
			isa = PBXGroup;
			children = (
				99482E87257CB7C100802B45 /* View */,
				996479912577BF4900CFF202 /* SpeechViewDelegate.swift */,
				BB15A5862577690F0006D258 /* SpeechViewController.swift */,
				BB15A58E25776D2F0006D258 /* SpeechViewReactor.swift */,
				BB7AB0142577B49400D9EDF7 /* SpeechManager.swift */,
				99482F18257F826800802B45 /* SpeechServiceProviding.swift */,
			);
			path = Speech;
			sourceTree = "<group>";
		};
		99482E87257CB7C100802B45 /* View */ = {
			isa = PBXGroup;
			children = (
				99482E80257BE06C00802B45 /* SpeechButton.swift */,
			);
			path = View;
			sourceTree = "<group>";
		};
		99482EA4257CF30600802B45 /* MessageCell */ = {
			isa = PBXGroup;
			children = (
				99482EB0257DB35200802B45 /* ReceivedMessageBubbleTail.swift */,
				99482EAC257DB34700802B45 /* SentMessageBubbleTail.swift */,
				996479362576854900CFF202 /* MessageText.swift */,
				99482DA62578AF8900802B45 /* TranslatedMessageCell.swift */,
				BB9A86A3257487C800FE14D6 /* MessageCell.swift */,
				996C4E91257005C20015F9F4 /* SentMessageCell.swift */,
				996C4E97257006670015F9F4 /* ReceivedMessageCell.swift */,
			);
			path = MessageCell;
			sourceTree = "<group>";
		};
		99482EDB257E4DCB00802B45 /* LaunchScreen */ = {
			isa = PBXGroup;
			children = (
				99482ED7257E3D0400802B45 /* LaunchScreenViewController.swift */,
			);
			path = LaunchScreen;
			sourceTree = "<group>";
		};
		99482EE4257E535800802B45 /* View */ = {
			isa = PBXGroup;
			children = (
				99482EE5257E537700802B45 /* RoundShadowButton.swift */,
			);
			path = View;
			sourceTree = "<group>";
		};
		995BE99D2575DF7E00C15AC7 /* Coordinator */ = {
			isa = PBXGroup;
			children = (
				995BE99E2575DF9400C15AC7 /* Coordinator.swift */,
				995BE9AA2575E8E500C15AC7 /* MainCoordinator.swift */,
				99482E62257BA39B00802B45 /* MainCoordinating.swift */,
				99482E56257B558700802B45 /* HomeCoordinator.swift */,
				99482E5E257BA37E00802B45 /* HomeCoordinating.swift */,
				99482E5A257B63E100802B45 /* ChatCoordinator.swift */,
				99482E66257BA3B200802B45 /* ChatCoordinating.swift */,
			);
			path = Coordinator;
			sourceTree = "<group>";
		};
		996A146E256D5B8E00F21215 /* Common */ = {
			isa = PBXGroup;
			children = (
				99482EE4257E535800802B45 /* View */,
				993AF6962575177900416692 /* Util */,
				BB6F7ED1256D798400D66F8E /* Constant */,
				996A1470256D5BC100F21215 /* Enum */,
				BB97AE0B256CDC0900307DAD /* Extension */,
				996A1471256D5C7100F21215 /* Factory */,
				BBF085852573BA05004B67F7 /* PropertyWrapper */,
			);
			path = Common;
			sourceTree = "<group>";
		};
		996A1470256D5BC100F21215 /* Enum */ = {
			isa = PBXGroup;
			children = (
				BB1FFD4A257685EA00E4668C /* Errors */,
				996A1466256D3A5F00F21215 /* Language.swift */,
				BB93C28F257526DD00C68491 /* MessageType.swift */,
				BB20F4DE2573959500C5AC1D /* UserDefaultType.swift */,
				BB1FFD1425761BB100E4668C /* ChatDrawerState.swift */,
			);
			path = Enum;
			sourceTree = "<group>";
		};
		996A1471256D5C7100F21215 /* Factory */ = {
			isa = PBXGroup;
			children = (
				996A1445256D187900F21215 /* ImageFactoryProviding.swift */,
				996A1432256D040B00F21215 /* ImageFactory.swift */,
				990DE9502573499500340A72 /* AlertFactoryProviding.swift */,
				990DE94C2573479600340A72 /* AlertFactory.swift */,
			);
			path = Factory;
			sourceTree = "<group>";
		};
		996C4E3D256E5F2C0015F9F4 /* GraphQL */ = {
			isa = PBXGroup;
			children = (
				99482EA0257CEFD200802B45 /* API.swift */,
				995BE9C22576093400C15AC7 /* schema.json */,
				996C4E0E256E59AF0015F9F4 /* GetMessage.graphql */,
				990DE92C2572836B00340A72 /* EnterRoom.graphql */,
				990DE9382572860500340A72 /* SendMessage.graphql */,
				993AF66E2574DBE100416692 /* CreateRoom.graphql */,
				995BE9C625760ADD00C15AC7 /* FindRoomByID.graphql */,
			);
			path = GraphQL;
			sourceTree = "<group>";
		};
		996C4E4F256E7B900015F9F4 /* Network */ = {
			isa = PBXGroup;
			children = (
				BB23C0A02576AABB001D74A0 /* NetworkServiceProviding.swift */,
				996C4E50256E7BF90015F9F4 /* ApolloNetworkService.swift */,
				BB23C09A2576979C001D74A0 /* NetworkError.swift */,
				BB48149D2577D64D00CFA6DB /* URLSessionNetworkService.swift */,
				BB4814A12577D79B00CFA6DB /* HTTPMethod.swift */,
				996C4E56256E7F0F0015F9F4 /* APIEndPoint.swift */,
				990DE956257367B800340A72 /* JoinChatResponse.swift */,
				993AF6782574DF2F00416692 /* CreateRoomResponse.swift */,
				99482D9A2578874000802B45 /* PapagoAPIManager.swift */,
				99482E8A257CB91D00802B45 /* PapagoAPIServiceProviding.swift */,
			);
			path = Network;
			sourceTree = "<group>";
		};
		996C4E90257004FA0015F9F4 /* View */ = {
			isa = PBXGroup;
			children = (
				99482EA4257CF30600802B45 /* MessageCell */,
				9964793A2576901200CFF202 /* InputBarTextView.swift */,
				9964797D2577670A00CFF202 /* MicrophoneButton.swift */,
			);
			path = View;
			sourceTree = "<group>";
		};
		99A2767F25668E13008BD24C /* Home */ = {
			isa = PBXGroup;
			children = (
				99A2768325668EFA008BD24C /* HomeViewController.swift */,
				9932CF5A256CC6A4002459D0 /* HomeViewReactor.swift */,
				996A145C256D324600F21215 /* LanguageSelectionViewController.swift */,
			);
			path = Home;
			sourceTree = "<group>";
		};
		BB1FFD4A257685EA00E4668C /* Errors */ = {
			isa = PBXGroup;
			children = (
				BBC5B321257E0CFC00739CD8 /* KeychainError.swift */,
				990DE946257336D900340A72 /* JoinChatError.swift */,
				993AF67C2574E3E200416692 /* HomeError.swift */,
			);
			path = Errors;
			sourceTree = "<group>";
		};
		BB38252325740153000425FD /* ChatDrawer */ = {
			isa = PBXGroup;
			children = (
				BB9A8696257486F800FE14D6 /* View */,
				BB3825242574050A000425FD /* ChatDrawerViewController.swift */,
				BB38252A25740B22000425FD /* ChatDrawerViewReactor.swift */,
			);
			path = ChatDrawer;
			sourceTree = "<group>";
		};
		BB6F7EBE256D693800D66F8E /* Chat */ = {
			isa = PBXGroup;
			children = (
				996C4E90257004FA0015F9F4 /* View */,
				BB6F7EBF256D697500D66F8E /* ChatViewController.swift */,
				996479952577BFAA00CFF202 /* ChatViewController+SpeechViewDelegate.swift */,
				BB6F7EC3256D698B00D66F8E /* ChatViewReactor.swift */,
				99482E98257CEE2500802B45 /* MessageParser.swift */,
				BB9725A7256FA5DD00C4938D /* MessageBox.swift */,
			);
			path = Chat;
			sourceTree = "<group>";
		};
		BB6F7ED1256D798400D66F8E /* Constant */ = {
			isa = PBXGroup;
			children = (
				BB6F7ED2256D799B00D66F8E /* Constant.swift */,
				990DE97B2573A80B00340A72 /* Strings.swift */,
			);
			path = Constant;
			sourceTree = "<group>";
		};
		BB97AE0B256CDC0900307DAD /* Extension */ = {
			isa = PBXGroup;
			children = (
				BB97AE07256CDC0400307DAD /* UIView+.swift */,
				996A1462256D364C00F21215 /* UIViewController+.swift */,
				BB52F51A2570977300B7577B /* UICollectionReusableView+.swift */,
				BB1200A025701B4000CC8020 /* RxSwift+.swift */,
				BB20F4D6257394D800C5AC1D /* Data+.swift */,
				BB20F4DA257394F800C5AC1D /* Encodable+.swift */,
				990DE9772573A67C00340A72 /* String+.swift */,
				996A146A256D5B6200F21215 /* Locale+.swift */,
				BB93C2932575345200C68491 /* Calendar+.swift */,
				BBE140762573D374000B0604 /* DateFormatter+.swift */,
			);
			path = Extension;
			sourceTree = "<group>";
		};
		BB987E8E257F4D3E00F4C258 /* Mock */ = {
			isa = PBXGroup;
			children = (
				BB0B6EEB257F3681005EDF22 /* ApolloNetworkServiceMockSuccess.swift */,
				BB15693D257F5ADA00A2C0F9 /* ApolloNetworkServiceMockFailure.swift */,
				BB987E80257F4CA800F4C258 /* AlertFactoryStub.swift */,
				BB987E8A257F4CF800F4C258 /* ImageFactoryStub.swift */,
				BB987E86257F4CD100F4C258 /* UserDataProviderMock.swift */,
				99482F04257F7DA400802B45 /* PapagoAPIServiceMock.swift */,
				99482F1E257F83D300802B45 /* SpeechManagerMock.swift */,
			);
			path = Mock;
			sourceTree = "<group>";
		};
		BB9A8696257486F800FE14D6 /* View */ = {
			isa = PBXGroup;
			children = (
				BB9A869F2574879500FE14D6 /* ChatDrawerUserCell.swift */,
			);
			path = View;
			sourceTree = "<group>";
		};
		BBC5B31A257E084300739CD8 /* DataLayer */ = {
			isa = PBXGroup;
			children = (
				BBC5B31B257E089900739CD8 /* KeychainAccess.swift */,
			);
			path = DataLayer;
			sourceTree = "<group>";
		};
		BBEA1A63256F49A8009B8B5F /* Entity */ = {
			isa = PBXGroup;
			children = (
				BBEA1A5B256F4678009B8B5F /* Message.swift */,
				995BE9F62576350A00C15AC7 /* TranslatedResult.swift */,
				BBEA1A5F256F46FE009B8B5F /* User.swift */,
				995BE9D0257621B700C15AC7 /* UserDataProvider.swift */,
				995BE9D425762AC500C15AC7 /* UserDataProviding.swift */,
				9964795225769BD500CFF202 /* ChatRoomInfo.swift */,
				BB4814C72577DCC800CFA6DB /* TranslationRequest.swift */,
				BB4814CB2577DCE400CFA6DB /* TranslationResponse.swift */,
			);
			path = Entity;
			sourceTree = "<group>";
		};
		BBF085852573BA05004B67F7 /* PropertyWrapper */ = {
			isa = PBXGroup;
			children = (
				BB20F4C525738D2C00C5AC1D /* UserDefault.swift */,
				BBC5B327257E0E4500739CD8 /* Keychain.swift */,
			);
			path = PropertyWrapper;
			sourceTree = "<group>";
		};
		BBF2DC90256674A300F2EA7D = {
			isa = PBXGroup;
			children = (
				99A2766A256687D1008BD24C /* .swiftlint.yml */,
				BBF2DC9B256674A300F2EA7D /* PapagoTalk */,
				BBF2DCB2256674A500F2EA7D /* PapagoTalkTests */,
				BBF2DC9A256674A300F2EA7D /* Products */,
				BDB645955860CC284B4F06B4 /* Pods */,
				EB34B92CAF9EC55846A01D71 /* Frameworks */,
			);
			sourceTree = "<group>";
		};
		BBF2DC9A256674A300F2EA7D /* Products */ = {
			isa = PBXGroup;
			children = (
				BBF2DC99256674A300F2EA7D /* PapagoTalk.app */,
				BBF2DCAF256674A500F2EA7D /* PapagoTalkTests.xctest */,
			);
			name = Products;
			sourceTree = "<group>";
		};
		BBF2DC9B256674A300F2EA7D /* PapagoTalk */ = {
			isa = PBXGroup;
			children = (
				99482EDB257E4DCB00802B45 /* LaunchScreen */,
				995BE99D2575DF7E00C15AC7 /* Coordinator */,
				BBEA1A63256F49A8009B8B5F /* Entity */,
				996C4E4F256E7B900015F9F4 /* Network */,
				BBC5B31A257E084300739CD8 /* DataLayer */,
				996C4E3D256E5F2C0015F9F4 /* GraphQL */,
				996A146E256D5B8E00F21215 /* Common */,
				99A2767F25668E13008BD24C /* Home */,
				990DE9212572657300340A72 /* ChatCodeInput */,
				BB6F7EBE256D693800D66F8E /* Chat */,
				BB38252325740153000425FD /* ChatDrawer */,
				99482E86257CB7A600802B45 /* Speech */,
				BBF2DC9C256674A300F2EA7D /* AppDelegate.swift */,
				BBF2DC9E256674A300F2EA7D /* SceneDelegate.swift */,
				BBF2DCA2256674A300F2EA7D /* Main.storyboard */,
				BBF2DCA5256674A500F2EA7D /* Assets.xcassets */,
				BBF2DCA7256674A500F2EA7D /* LaunchScreen.storyboard */,
				BBF2DCAA256674A500F2EA7D /* Info.plist */,
				990DE96F2573A59B00340A72 /* Localizable.strings */,
			);
			path = PapagoTalk;
			sourceTree = "<group>";
		};
		BBF2DCB2256674A500F2EA7D /* PapagoTalkTests */ = {
			isa = PBXGroup;
			children = (
				BB987E8E257F4D3E00F4C258 /* Mock */,
				BB0B6EA5257EB307005EDF22 /* HomeReactorTests.swift */,
				99482F29257FA10200802B45 /* ChatDrawerReactorTests.swift */,
				99482EEF257F7C9C00802B45 /* SpeechReactorTests.swift */,
				BBF2DCB3256674A500F2EA7D /* PapagoTalkTests.swift */,
				BBF2DCB5256674A500F2EA7D /* Info.plist */,
			);
			path = PapagoTalkTests;
			sourceTree = "<group>";
		};
		BDB645955860CC284B4F06B4 /* Pods */ = {
			isa = PBXGroup;
			children = (
				E428797153F8882AB3C663E3 /* Pods-PapagoTalk.debug.xcconfig */,
				110AE697DEAC9E4A5369FF3D /* Pods-PapagoTalk.release.xcconfig */,
				B7DF5FBC75925F323CE96437 /* Pods-PapagoTalkTests.debug.xcconfig */,
				9724353B0AE530300B9CAC1B /* Pods-PapagoTalkTests.release.xcconfig */,
			);
			path = Pods;
			sourceTree = "<group>";
		};
		EB34B92CAF9EC55846A01D71 /* Frameworks */ = {
			isa = PBXGroup;
			children = (
				AF3D2492C0C0C5E605FF6FBF /* Pods_PapagoTalk.framework */,
				68E0A5672F4C09FEC3520B34 /* Pods_PapagoTalkTests.framework */,
			);
			name = Frameworks;
			sourceTree = "<group>";
		};
/* End PBXGroup section */

/* Begin PBXNativeTarget section */
		BBF2DC98256674A300F2EA7D /* PapagoTalk */ = {
			isa = PBXNativeTarget;
			buildConfigurationList = BBF2DCC3256674A500F2EA7D /* Build configuration list for PBXNativeTarget "PapagoTalk" */;
			buildPhases = (
				9310C3760A617A247417F4C4 /* [CP] Check Pods Manifest.lock */,
				996C4E07256E584A0015F9F4 /* ApolloCLI */,
				BBF2DC95256674A300F2EA7D /* Sources */,
				BBF2DC96256674A300F2EA7D /* Frameworks */,
				BBF2DC97256674A300F2EA7D /* Resources */,
				1924C4FDCF031E14E830256B /* [CP] Embed Pods Frameworks */,
				99A2766E25668875008BD24C /* SwiftLint */,
			);
			buildRules = (
			);
			dependencies = (
			);
			name = PapagoTalk;
			productName = PapagoTalk;
			productReference = BBF2DC99256674A300F2EA7D /* PapagoTalk.app */;
			productType = "com.apple.product-type.application";
		};
		BBF2DCAE256674A500F2EA7D /* PapagoTalkTests */ = {
			isa = PBXNativeTarget;
			buildConfigurationList = BBF2DCC6256674A500F2EA7D /* Build configuration list for PBXNativeTarget "PapagoTalkTests" */;
			buildPhases = (
				1A3C89118E0669B9C1089462 /* [CP] Check Pods Manifest.lock */,
				BBF2DCAB256674A500F2EA7D /* Sources */,
				BBF2DCAC256674A500F2EA7D /* Frameworks */,
				BBF2DCAD256674A500F2EA7D /* Resources */,
			);
			buildRules = (
			);
			dependencies = (
				BBF2DCB1256674A500F2EA7D /* PBXTargetDependency */,
			);
			name = PapagoTalkTests;
			productName = PapagoTalkTests;
			productReference = BBF2DCAF256674A500F2EA7D /* PapagoTalkTests.xctest */;
			productType = "com.apple.product-type.bundle.unit-test";
		};
/* End PBXNativeTarget section */

/* Begin PBXProject section */
		BBF2DC91256674A300F2EA7D /* Project object */ = {
			isa = PBXProject;
			attributes = {
				LastSwiftUpdateCheck = 1220;
				LastUpgradeCheck = 1220;
				TargetAttributes = {
					BBF2DC98256674A300F2EA7D = {
						CreatedOnToolsVersion = 12.2;
					};
					BBF2DCAE256674A500F2EA7D = {
						CreatedOnToolsVersion = 12.2;
						TestTargetID = BBF2DC98256674A300F2EA7D;
					};
				};
			};
			buildConfigurationList = BBF2DC94256674A300F2EA7D /* Build configuration list for PBXProject "PapagoTalk" */;
			compatibilityVersion = "Xcode 9.3";
			developmentRegion = en;
			hasScannedForEncodings = 0;
			knownRegions = (
				en,
				Base,
				ko,
			);
			mainGroup = BBF2DC90256674A300F2EA7D;
			productRefGroup = BBF2DC9A256674A300F2EA7D /* Products */;
			projectDirPath = "";
			projectRoot = "";
			targets = (
				BBF2DC98256674A300F2EA7D /* PapagoTalk */,
				BBF2DCAE256674A500F2EA7D /* PapagoTalkTests */,
			);
		};
/* End PBXProject section */

/* Begin PBXResourcesBuildPhase section */
		BBF2DC97256674A300F2EA7D /* Resources */ = {
			isa = PBXResourcesBuildPhase;
			buildActionMask = 2147483647;
			files = (
				99A2766B256687D1008BD24C /* .swiftlint.yml in Resources */,
				995BE9C32576093400C15AC7 /* schema.json in Resources */,
				993AF66F2574DBE200416692 /* CreateRoom.graphql in Resources */,
				995BE9C725760ADD00C15AC7 /* FindRoomByID.graphql in Resources */,
				990DE9392572860500340A72 /* SendMessage.graphql in Resources */,
				990DE92D2572836B00340A72 /* EnterRoom.graphql in Resources */,
				BBF2DCA9256674A500F2EA7D /* LaunchScreen.storyboard in Resources */,
				990DE96D2573A59B00340A72 /* Localizable.strings in Resources */,
				BBF2DCA6256674A500F2EA7D /* Assets.xcassets in Resources */,
				BBF2DCA4256674A300F2EA7D /* Main.storyboard in Resources */,
			);
			runOnlyForDeploymentPostprocessing = 0;
		};
		BBF2DCAD256674A500F2EA7D /* Resources */ = {
			isa = PBXResourcesBuildPhase;
			buildActionMask = 2147483647;
			files = (
			);
			runOnlyForDeploymentPostprocessing = 0;
		};
/* End PBXResourcesBuildPhase section */

/* Begin PBXShellScriptBuildPhase section */
		1924C4FDCF031E14E830256B /* [CP] Embed Pods Frameworks */ = {
			isa = PBXShellScriptBuildPhase;
			buildActionMask = 2147483647;
			files = (
			);
			inputFileListPaths = (
				"${PODS_ROOT}/Target Support Files/Pods-PapagoTalk/Pods-PapagoTalk-frameworks-${CONFIGURATION}-input-files.xcfilelist",
			);
			name = "[CP] Embed Pods Frameworks";
			outputFileListPaths = (
				"${PODS_ROOT}/Target Support Files/Pods-PapagoTalk/Pods-PapagoTalk-frameworks-${CONFIGURATION}-output-files.xcfilelist",
			);
			runOnlyForDeploymentPostprocessing = 0;
			shellPath = /bin/sh;
			shellScript = "\"${PODS_ROOT}/Target Support Files/Pods-PapagoTalk/Pods-PapagoTalk-frameworks.sh\"\n";
			showEnvVarsInLog = 0;
		};
		1A3C89118E0669B9C1089462 /* [CP] Check Pods Manifest.lock */ = {
			isa = PBXShellScriptBuildPhase;
			buildActionMask = 2147483647;
			files = (
			);
			inputFileListPaths = (
			);
			inputPaths = (
				"${PODS_PODFILE_DIR_PATH}/Podfile.lock",
				"${PODS_ROOT}/Manifest.lock",
			);
			name = "[CP] Check Pods Manifest.lock";
			outputFileListPaths = (
			);
			outputPaths = (
				"$(DERIVED_FILE_DIR)/Pods-PapagoTalkTests-checkManifestLockResult.txt",
			);
			runOnlyForDeploymentPostprocessing = 0;
			shellPath = /bin/sh;
			shellScript = "diff \"${PODS_PODFILE_DIR_PATH}/Podfile.lock\" \"${PODS_ROOT}/Manifest.lock\" > /dev/null\nif [ $? != 0 ] ; then\n    # print error to STDERR\n    echo \"error: The sandbox is not in sync with the Podfile.lock. Run 'pod install' or update your CocoaPods installation.\" >&2\n    exit 1\nfi\n# This output is used by Xcode 'outputs' to avoid re-running this script phase.\necho \"SUCCESS\" > \"${SCRIPT_OUTPUT_FILE_0}\"\n";
			showEnvVarsInLog = 0;
		};
		9310C3760A617A247417F4C4 /* [CP] Check Pods Manifest.lock */ = {
			isa = PBXShellScriptBuildPhase;
			buildActionMask = 2147483647;
			files = (
			);
			inputFileListPaths = (
			);
			inputPaths = (
				"${PODS_PODFILE_DIR_PATH}/Podfile.lock",
				"${PODS_ROOT}/Manifest.lock",
			);
			name = "[CP] Check Pods Manifest.lock";
			outputFileListPaths = (
			);
			outputPaths = (
				"$(DERIVED_FILE_DIR)/Pods-PapagoTalk-checkManifestLockResult.txt",
			);
			runOnlyForDeploymentPostprocessing = 0;
			shellPath = /bin/sh;
			shellScript = "diff \"${PODS_PODFILE_DIR_PATH}/Podfile.lock\" \"${PODS_ROOT}/Manifest.lock\" > /dev/null\nif [ $? != 0 ] ; then\n    # print error to STDERR\n    echo \"error: The sandbox is not in sync with the Podfile.lock. Run 'pod install' or update your CocoaPods installation.\" >&2\n    exit 1\nfi\n# This output is used by Xcode 'outputs' to avoid re-running this script phase.\necho \"SUCCESS\" > \"${SCRIPT_OUTPUT_FILE_0}\"\n";
			showEnvVarsInLog = 0;
		};
		996C4E07256E584A0015F9F4 /* ApolloCLI */ = {
			isa = PBXShellScriptBuildPhase;
			buildActionMask = 2147483647;
			files = (
			);
			inputFileListPaths = (
			);
			inputPaths = (
				"$(SRCROOT)/PapagoTalk/GraphQL/*.graphql",
			);
			name = ApolloCLI;
			outputFileListPaths = (
			);
			outputPaths = (
				"$(SRCROOT)/PapagoTalk/GraphQL/API.swift",
			);
			runOnlyForDeploymentPostprocessing = 0;
			shellPath = /bin/sh;
			shellScript = "SCRIPT_PATH=\"${PODS_ROOT}/Apollo/scripts\"\ncd \"${SRCROOT}/${TARGET_NAME}/GraphQL\"\n\"${SCRIPT_PATH}\"/run-bundled-codegen.sh codegen:generate --target=swift --includes=./**/*.graphql --localSchemaFile=\"schema.json\" API.swift\n";
		};
		99A2766E25668875008BD24C /* SwiftLint */ = {
			isa = PBXShellScriptBuildPhase;
			buildActionMask = 2147483647;
			files = (
			);
			inputFileListPaths = (
			);
			inputPaths = (
			);
			name = SwiftLint;
			outputFileListPaths = (
			);
			outputPaths = (
			);
			runOnlyForDeploymentPostprocessing = 0;
			shellPath = /bin/sh;
			shellScript = "${PODS_ROOT}/SwiftLint/swiftlint\n";
		};
/* End PBXShellScriptBuildPhase section */

/* Begin PBXSourcesBuildPhase section */
		BBF2DC95256674A300F2EA7D /* Sources */ = {
			isa = PBXSourcesBuildPhase;
			buildActionMask = 2147483647;
			files = (
				BB20F4DF2573959500C5AC1D /* UserDefaultType.swift in Sources */,
				BB7AB0152577B49400D9EDF7 /* SpeechManager.swift in Sources */,
				995BE9D525762AC500C15AC7 /* UserDataProviding.swift in Sources */,
				99482EE6257E537700802B45 /* RoundShadowButton.swift in Sources */,
				BB15A5872577690F0006D258 /* SpeechViewController.swift in Sources */,
				996A145D256D324600F21215 /* LanguageSelectionViewController.swift in Sources */,
				995BE99F2575DF9400C15AC7 /* Coordinator.swift in Sources */,
				996A146B256D5B6200F21215 /* Locale+.swift in Sources */,
				99482F12257F7EE700802B45 /* TranslationRequest.swift in Sources */,
				BBC5B31C257E089900739CD8 /* KeychainAccess.swift in Sources */,
				996A1467256D3A5F00F21215 /* Language.swift in Sources */,
				BB97AE08256CDC0400307DAD /* UIView+.swift in Sources */,
				996479372576854900CFF202 /* MessageText.swift in Sources */,
				BBC5B328257E0E4500739CD8 /* Keychain.swift in Sources */,
				99482F19257F826800802B45 /* SpeechServiceProviding.swift in Sources */,
				BB93C2942575345200C68491 /* Calendar+.swift in Sources */,
				BB48149E2577D64D00CFA6DB /* URLSessionNetworkService.swift in Sources */,
				996479922577BF4900CFF202 /* SpeechViewDelegate.swift in Sources */,
				BB4814CC2577DCE400CFA6DB /* TranslationResponse.swift in Sources */,
				99482D9B2578874000802B45 /* PapagoAPIManager.swift in Sources */,
				990DE923257265BB00340A72 /* ChatCodeInputViewController.swift in Sources */,
				99482DA72578AF8900802B45 /* TranslatedMessageCell.swift in Sources */,
				99482E8B257CB91D00802B45 /* PapagoAPIServiceProviding.swift in Sources */,
				99482E99257CEE2500802B45 /* MessageParser.swift in Sources */,
				99482E67257BA3B200802B45 /* ChatCoordinating.swift in Sources */,
				996479962577BFAA00CFF202 /* ChatViewController+SpeechViewDelegate.swift in Sources */,
				99482DFD2579425400802B45 /* RevisionedData.swift in Sources */,
				995BE9D1257621B700C15AC7 /* UserDataProvider.swift in Sources */,
				996A1433256D040B00F21215 /* ImageFactory.swift in Sources */,
				996C4E51256E7BF90015F9F4 /* ApolloNetworkService.swift in Sources */,
				9964795325769BD500CFF202 /* ChatRoomInfo.swift in Sources */,
				BBF2DC9D256674A300F2EA7D /* AppDelegate.swift in Sources */,
				BB3825252574050A000425FD /* ChatDrawerViewController.swift in Sources */,
				BBEA1A5C256F4678009B8B5F /* Message.swift in Sources */,
				BB4814A22577D79B00CFA6DB /* HTTPMethod.swift in Sources */,
				99482E57257B558700802B45 /* HomeCoordinator.swift in Sources */,
				99482ED8257E3D0400802B45 /* LaunchScreenViewController.swift in Sources */,
				99482E5B257B63E100802B45 /* ChatCoordinator.swift in Sources */,
				BBEA1A60256F46FE009B8B5F /* User.swift in Sources */,
				BB20F4D7257394D800C5AC1D /* Data+.swift in Sources */,
				BBF2DC9F256674A300F2EA7D /* SceneDelegate.swift in Sources */,
				99482E81257BE06D00802B45 /* SpeechButton.swift in Sources */,
				BB20F4C625738D2C00C5AC1D /* UserDefault.swift in Sources */,
				BB6F7ED3256D799B00D66F8E /* Constant.swift in Sources */,
				BB9A86A4257487C800FE14D6 /* MessageCell.swift in Sources */,
				BB23C0A12576AABB001D74A0 /* NetworkServiceProviding.swift in Sources */,
				BB9725A8256FA5DD00C4938D /* MessageBox.swift in Sources */,
				99482EAD257DB34800802B45 /* SentMessageBubbleTail.swift in Sources */,
				99482E63257BA39B00802B45 /* MainCoordinating.swift in Sources */,
				9964797E2577670A00CFF202 /* MicrophoneButton.swift in Sources */,
				996A1463256D364C00F21215 /* UIViewController+.swift in Sources */,
				BB52F51B2570977300B7577B /* UICollectionReusableView+.swift in Sources */,
				99482EB1257DB35200802B45 /* ReceivedMessageBubbleTail.swift in Sources */,
				BB93C290257526DD00C68491 /* MessageType.swift in Sources */,
				99482E5F257BA37F00802B45 /* HomeCoordinating.swift in Sources */,
				996A1446256D187900F21215 /* ImageFactoryProviding.swift in Sources */,
				990DE9292572665400340A72 /* ChatCodeInputViewReactor.swift in Sources */,
				995BE9AB2575E8E500C15AC7 /* MainCoordinator.swift in Sources */,
				993AF67D2574E3E200416692 /* HomeError.swift in Sources */,
				993AF6792574DF2F00416692 /* CreateRoomResponse.swift in Sources */,
				990DE97C2573A80B00340A72 /* Strings.swift in Sources */,
				990DE947257336D900340A72 /* JoinChatError.swift in Sources */,
				BB9A86A02574879500FE14D6 /* ChatDrawerUserCell.swift in Sources */,
				996C4E98257006670015F9F4 /* ReceivedMessageCell.swift in Sources */,
				996C4E57256E7F0F0015F9F4 /* APIEndPoint.swift in Sources */,
				9964793B2576901200CFF202 /* InputBarTextView.swift in Sources */,
				BBE140772573D374000B0604 /* DateFormatter+.swift in Sources */,
				996C4E92257005C20015F9F4 /* SentMessageCell.swift in Sources */,
				990DE9512573499500340A72 /* AlertFactoryProviding.swift in Sources */,
				993AF698257517AE00416692 /* KeyboardProviding.swift in Sources */,
				BBC5B322257E0CFC00739CD8 /* KeychainError.swift in Sources */,
				9932CF5B256CC6A4002459D0 /* HomeViewReactor.swift in Sources */,
				990DE9782573A67C00340A72 /* String+.swift in Sources */,
				BB6F7EC0256D697500D66F8E /* ChatViewController.swift in Sources */,
				BB15A58F25776D2F0006D258 /* SpeechViewReactor.swift in Sources */,
				BB23C09B2576979C001D74A0 /* NetworkError.swift in Sources */,
				99482EA1257CEFD200802B45 /* API.swift in Sources */,
				BB1FFD1525761BB100E4668C /* ChatDrawerState.swift in Sources */,
				BB20F4DB257394F800C5AC1D /* Encodable+.swift in Sources */,
				BB1200A125701B4000CC8020 /* RxSwift+.swift in Sources */,
				990DE957257367B800340A72 /* JoinChatResponse.swift in Sources */,
				990DE94D2573479600340A72 /* AlertFactory.swift in Sources */,
				995BE9F72576350A00C15AC7 /* TranslatedResult.swift in Sources */,
				BB6F7EC4256D698B00D66F8E /* ChatViewReactor.swift in Sources */,
				99A2768425668EFA008BD24C /* HomeViewController.swift in Sources */,
				BB38252B25740B22000425FD /* ChatDrawerViewReactor.swift in Sources */,
			);
			runOnlyForDeploymentPostprocessing = 0;
		};
		BBF2DCAB256674A500F2EA7D /* Sources */ = {
			isa = PBXSourcesBuildPhase;
			buildActionMask = 2147483647;
			files = (
				BB987E9A257F4EA700F4C258 /* User.swift in Sources */,
				BB987E9D257F4EAC00F4C258 /* Language.swift in Sources */,
				BB987EB8257F4FF200F4C258 /* RevisionedData.swift in Sources */,
				BB987EC7257F505900F4C258 /* Constant.swift in Sources */,
				BB987EA3257F4F0200F4C258 /* Strings.swift in Sources */,
				BB987EAF257F4F9600F4C258 /* String+.swift in Sources */,
				99482F1F257F83D300802B45 /* SpeechManagerMock.swift in Sources */,
				BB987EAC257F4F8100F4C258 /* Locale+.swift in Sources */,
				BB987EA6257F4F3C00F4C258 /* API.swift in Sources */,
				99482F05257F7DA400802B45 /* PapagoAPIServiceMock.swift in Sources */,
				BB987EBB257F4FFB00F4C258 /* NetworkServiceProviding.swift in Sources */,
				BB987EC1257F503700F4C258 /* JoinChatResponse.swift in Sources */,
				BB987EC4257F503900F4C258 /* CreateRoomResponse.swift in Sources */,
				99482F13257F7EE800802B45 /* TranslationRequest.swift in Sources */,
				99482F24257F83E900802B45 /* SpeechServiceProviding.swift in Sources */,
				BB987E97257F4E6200F4C258 /* UserDataProviding.swift in Sources */,
				BB987E91257F4E3D00F4C258 /* ImageFactoryProviding.swift in Sources */,
				BB987E94257F4E5300F4C258 /* AlertFactoryProviding.swift in Sources */,
				BB987EBE257F503000F4C258 /* NetworkError.swift in Sources */,
				BB987EB5257F4FE600F4C258 /* HomeError.swift in Sources */,
				99482EF0257F7C9C00802B45 /* SpeechReactorTests.swift in Sources */,
				BB987EB2257F4FE400F4C258 /* JoinChatError.swift in Sources */,
				BB987EA0257F4EE400F4C258 /* ImageFactory.swift in Sources */,
				BB15693E257F5ADA00A2C0F9 /* ApolloNetworkServiceMockFailure.swift in Sources */,
				BB987E75257F470B00F4C258 /* ApolloNetworkServiceMockSuccess.swift in Sources */,
				99482EF5257F7CE600802B45 /* SpeechViewReactor.swift in Sources */,
				BB987E87257F4CD100F4C258 /* UserDataProviderMock.swift in Sources */,
				BB987E8B257F4CF800F4C258 /* ImageFactoryStub.swift in Sources */,
				BB987E81257F4CA800F4C258 /* AlertFactoryStub.swift in Sources */,
				BB987EA9257F4F5C00F4C258 /* HomeViewReactor.swift in Sources */,
				99482F2A257FA10200802B45 /* ChatDrawerReactorTests.swift in Sources */,
				99482EF8257F7D0700802B45 /* PapagoAPIServiceProviding.swift in Sources */,
				BB987E74257F470B00F4C258 /* HomeReactorTests.swift in Sources */,
				99482F2D257FA13000802B45 /* ChatDrawerViewReactor.swift in Sources */,
				BBF2DCB4256674A500F2EA7D /* PapagoTalkTests.swift in Sources */,
			);
			runOnlyForDeploymentPostprocessing = 0;
		};
/* End PBXSourcesBuildPhase section */

/* Begin PBXTargetDependency section */
		BBF2DCB1256674A500F2EA7D /* PBXTargetDependency */ = {
			isa = PBXTargetDependency;
			target = BBF2DC98256674A300F2EA7D /* PapagoTalk */;
			targetProxy = BBF2DCB0256674A500F2EA7D /* PBXContainerItemProxy */;
		};
/* End PBXTargetDependency section */

/* Begin PBXVariantGroup section */
		990DE96F2573A59B00340A72 /* Localizable.strings */ = {
			isa = PBXVariantGroup;
			children = (
				990DE96E2573A59B00340A72 /* en */,
				990DE9742573A5FF00340A72 /* ko */,
			);
			name = Localizable.strings;
			sourceTree = "<group>";
		};
		BBF2DCA2256674A300F2EA7D /* Main.storyboard */ = {
			isa = PBXVariantGroup;
			children = (
				BBF2DCA3256674A300F2EA7D /* Base */,
				990DE9722573A5FF00340A72 /* ko */,
			);
			name = Main.storyboard;
			sourceTree = "<group>";
		};
		BBF2DCA7256674A500F2EA7D /* LaunchScreen.storyboard */ = {
			isa = PBXVariantGroup;
			children = (
				BBF2DCA8256674A500F2EA7D /* Base */,
				990DE9732573A5FF00340A72 /* ko */,
			);
			name = LaunchScreen.storyboard;
			sourceTree = "<group>";
		};
/* End PBXVariantGroup section */

/* Begin XCBuildConfiguration section */
		BBF2DCC1256674A500F2EA7D /* Debug */ = {
			isa = XCBuildConfiguration;
			buildSettings = {
				ALWAYS_SEARCH_USER_PATHS = NO;
				CLANG_ANALYZER_LOCALIZABILITY_NONLOCALIZED = YES;
				CLANG_ANALYZER_NONNULL = YES;
				CLANG_ANALYZER_NUMBER_OBJECT_CONVERSION = YES_AGGRESSIVE;
				CLANG_CXX_LANGUAGE_STANDARD = "gnu++14";
				CLANG_CXX_LIBRARY = "libc++";
				CLANG_ENABLE_MODULES = YES;
				CLANG_ENABLE_OBJC_ARC = YES;
				CLANG_ENABLE_OBJC_WEAK = YES;
				CLANG_WARN_BLOCK_CAPTURE_AUTORELEASING = YES;
				CLANG_WARN_BOOL_CONVERSION = YES;
				CLANG_WARN_COMMA = YES;
				CLANG_WARN_CONSTANT_CONVERSION = YES;
				CLANG_WARN_DEPRECATED_OBJC_IMPLEMENTATIONS = YES;
				CLANG_WARN_DIRECT_OBJC_ISA_USAGE = YES_ERROR;
				CLANG_WARN_DOCUMENTATION_COMMENTS = YES;
				CLANG_WARN_EMPTY_BODY = YES;
				CLANG_WARN_ENUM_CONVERSION = YES;
				CLANG_WARN_INFINITE_RECURSION = YES;
				CLANG_WARN_INT_CONVERSION = YES;
				CLANG_WARN_NON_LITERAL_NULL_CONVERSION = YES;
				CLANG_WARN_OBJC_IMPLICIT_RETAIN_SELF = YES;
				CLANG_WARN_OBJC_LITERAL_CONVERSION = YES;
				CLANG_WARN_OBJC_ROOT_CLASS = YES_ERROR;
				CLANG_WARN_QUOTED_INCLUDE_IN_FRAMEWORK_HEADER = YES;
				CLANG_WARN_RANGE_LOOP_ANALYSIS = YES;
				CLANG_WARN_STRICT_PROTOTYPES = YES;
				CLANG_WARN_SUSPICIOUS_MOVE = YES;
				CLANG_WARN_UNGUARDED_AVAILABILITY = YES_AGGRESSIVE;
				CLANG_WARN_UNREACHABLE_CODE = YES;
				CLANG_WARN__DUPLICATE_METHOD_MATCH = YES;
				COPY_PHASE_STRIP = NO;
				DEBUG_INFORMATION_FORMAT = dwarf;
				ENABLE_STRICT_OBJC_MSGSEND = YES;
				ENABLE_TESTABILITY = YES;
				GCC_C_LANGUAGE_STANDARD = gnu11;
				GCC_DYNAMIC_NO_PIC = NO;
				GCC_NO_COMMON_BLOCKS = YES;
				GCC_OPTIMIZATION_LEVEL = 0;
				GCC_PREPROCESSOR_DEFINITIONS = (
					"DEBUG=1",
					"$(inherited)",
				);
				GCC_WARN_64_TO_32_BIT_CONVERSION = YES;
				GCC_WARN_ABOUT_RETURN_TYPE = YES_ERROR;
				GCC_WARN_UNDECLARED_SELECTOR = YES;
				GCC_WARN_UNINITIALIZED_AUTOS = YES_AGGRESSIVE;
				GCC_WARN_UNUSED_FUNCTION = YES;
				GCC_WARN_UNUSED_VARIABLE = YES;
				IPHONEOS_DEPLOYMENT_TARGET = 14.2;
				MTL_ENABLE_DEBUG_INFO = INCLUDE_SOURCE;
				MTL_FAST_MATH = YES;
				ONLY_ACTIVE_ARCH = YES;
				SDKROOT = iphoneos;
				SWIFT_ACTIVE_COMPILATION_CONDITIONS = DEBUG;
				SWIFT_OPTIMIZATION_LEVEL = "-Onone";
			};
			name = Debug;
		};
		BBF2DCC2256674A500F2EA7D /* Release */ = {
			isa = XCBuildConfiguration;
			buildSettings = {
				ALWAYS_SEARCH_USER_PATHS = NO;
				CLANG_ANALYZER_LOCALIZABILITY_NONLOCALIZED = YES;
				CLANG_ANALYZER_NONNULL = YES;
				CLANG_ANALYZER_NUMBER_OBJECT_CONVERSION = YES_AGGRESSIVE;
				CLANG_CXX_LANGUAGE_STANDARD = "gnu++14";
				CLANG_CXX_LIBRARY = "libc++";
				CLANG_ENABLE_MODULES = YES;
				CLANG_ENABLE_OBJC_ARC = YES;
				CLANG_ENABLE_OBJC_WEAK = YES;
				CLANG_WARN_BLOCK_CAPTURE_AUTORELEASING = YES;
				CLANG_WARN_BOOL_CONVERSION = YES;
				CLANG_WARN_COMMA = YES;
				CLANG_WARN_CONSTANT_CONVERSION = YES;
				CLANG_WARN_DEPRECATED_OBJC_IMPLEMENTATIONS = YES;
				CLANG_WARN_DIRECT_OBJC_ISA_USAGE = YES_ERROR;
				CLANG_WARN_DOCUMENTATION_COMMENTS = YES;
				CLANG_WARN_EMPTY_BODY = YES;
				CLANG_WARN_ENUM_CONVERSION = YES;
				CLANG_WARN_INFINITE_RECURSION = YES;
				CLANG_WARN_INT_CONVERSION = YES;
				CLANG_WARN_NON_LITERAL_NULL_CONVERSION = YES;
				CLANG_WARN_OBJC_IMPLICIT_RETAIN_SELF = YES;
				CLANG_WARN_OBJC_LITERAL_CONVERSION = YES;
				CLANG_WARN_OBJC_ROOT_CLASS = YES_ERROR;
				CLANG_WARN_QUOTED_INCLUDE_IN_FRAMEWORK_HEADER = YES;
				CLANG_WARN_RANGE_LOOP_ANALYSIS = YES;
				CLANG_WARN_STRICT_PROTOTYPES = YES;
				CLANG_WARN_SUSPICIOUS_MOVE = YES;
				CLANG_WARN_UNGUARDED_AVAILABILITY = YES_AGGRESSIVE;
				CLANG_WARN_UNREACHABLE_CODE = YES;
				CLANG_WARN__DUPLICATE_METHOD_MATCH = YES;
				COPY_PHASE_STRIP = NO;
				DEBUG_INFORMATION_FORMAT = "dwarf-with-dsym";
				ENABLE_NS_ASSERTIONS = NO;
				ENABLE_STRICT_OBJC_MSGSEND = YES;
				GCC_C_LANGUAGE_STANDARD = gnu11;
				GCC_NO_COMMON_BLOCKS = YES;
				GCC_WARN_64_TO_32_BIT_CONVERSION = YES;
				GCC_WARN_ABOUT_RETURN_TYPE = YES_ERROR;
				GCC_WARN_UNDECLARED_SELECTOR = YES;
				GCC_WARN_UNINITIALIZED_AUTOS = YES_AGGRESSIVE;
				GCC_WARN_UNUSED_FUNCTION = YES;
				GCC_WARN_UNUSED_VARIABLE = YES;
				IPHONEOS_DEPLOYMENT_TARGET = 14.2;
				MTL_ENABLE_DEBUG_INFO = NO;
				MTL_FAST_MATH = YES;
				SDKROOT = iphoneos;
				SWIFT_COMPILATION_MODE = wholemodule;
				SWIFT_OPTIMIZATION_LEVEL = "-O";
				VALIDATE_PRODUCT = YES;
			};
			name = Release;
		};
		BBF2DCC4256674A500F2EA7D /* Debug */ = {
			isa = XCBuildConfiguration;
			baseConfigurationReference = E428797153F8882AB3C663E3 /* Pods-PapagoTalk.debug.xcconfig */;
			buildSettings = {
				ASSETCATALOG_COMPILER_APPICON_NAME = AppIcon;
				ASSETCATALOG_COMPILER_GLOBAL_ACCENT_COLOR_NAME = AccentColor;
				CODE_SIGN_STYLE = Automatic;
				DEVELOPMENT_TEAM = B3PWYBKFUK;
				INFOPLIST_FILE = PapagoTalk/Info.plist;
				IPHONEOS_DEPLOYMENT_TARGET = 14.0;
				LD_RUNPATH_SEARCH_PATHS = (
					"$(inherited)",
					"@executable_path/Frameworks",
				);
				PRODUCT_BUNDLE_IDENTIFIER = com.boostcamp.PapagoTalk;
				PRODUCT_NAME = "$(TARGET_NAME)";
				SWIFT_VERSION = 5.0;
				TARGETED_DEVICE_FAMILY = "1,2";
			};
			name = Debug;
		};
		BBF2DCC5256674A500F2EA7D /* Release */ = {
			isa = XCBuildConfiguration;
			baseConfigurationReference = 110AE697DEAC9E4A5369FF3D /* Pods-PapagoTalk.release.xcconfig */;
			buildSettings = {
				ASSETCATALOG_COMPILER_APPICON_NAME = AppIcon;
				ASSETCATALOG_COMPILER_GLOBAL_ACCENT_COLOR_NAME = AccentColor;
				CODE_SIGN_STYLE = Automatic;
				DEVELOPMENT_TEAM = B3PWYBKFUK;
				INFOPLIST_FILE = PapagoTalk/Info.plist;
				IPHONEOS_DEPLOYMENT_TARGET = 14.0;
				LD_RUNPATH_SEARCH_PATHS = (
					"$(inherited)",
					"@executable_path/Frameworks",
				);
				PRODUCT_BUNDLE_IDENTIFIER = com.boostcamp.PapagoTalk;
				PRODUCT_NAME = "$(TARGET_NAME)";
				SWIFT_VERSION = 5.0;
				TARGETED_DEVICE_FAMILY = "1,2";
			};
			name = Release;
		};
		BBF2DCC7256674A500F2EA7D /* Debug */ = {
			isa = XCBuildConfiguration;
			baseConfigurationReference = B7DF5FBC75925F323CE96437 /* Pods-PapagoTalkTests.debug.xcconfig */;
			buildSettings = {
				ALWAYS_EMBED_SWIFT_STANDARD_LIBRARIES = YES;
				BUNDLE_LOADER = "$(TEST_HOST)";
				CODE_SIGN_STYLE = Automatic;
				DEVELOPMENT_TEAM = B3PWYBKFUK;
				INFOPLIST_FILE = PapagoTalkTests/Info.plist;
				IPHONEOS_DEPLOYMENT_TARGET = 14.0;
				LD_RUNPATH_SEARCH_PATHS = (
					"$(inherited)",
					"@executable_path/Frameworks",
					"@loader_path/Frameworks",
				);
				PRODUCT_BUNDLE_IDENTIFIER = com.boostcamp.PapagoTalkTests;
				PRODUCT_NAME = "$(TARGET_NAME)";
				SWIFT_VERSION = 5.0;
				TARGETED_DEVICE_FAMILY = "1,2";
				TEST_HOST = "$(BUILT_PRODUCTS_DIR)/PapagoTalk.app/PapagoTalk";
			};
			name = Debug;
		};
		BBF2DCC8256674A500F2EA7D /* Release */ = {
			isa = XCBuildConfiguration;
			baseConfigurationReference = 9724353B0AE530300B9CAC1B /* Pods-PapagoTalkTests.release.xcconfig */;
			buildSettings = {
				ALWAYS_EMBED_SWIFT_STANDARD_LIBRARIES = YES;
				BUNDLE_LOADER = "$(TEST_HOST)";
				CODE_SIGN_STYLE = Automatic;
				DEVELOPMENT_TEAM = B3PWYBKFUK;
				INFOPLIST_FILE = PapagoTalkTests/Info.plist;
				IPHONEOS_DEPLOYMENT_TARGET = 14.0;
				LD_RUNPATH_SEARCH_PATHS = (
					"$(inherited)",
					"@executable_path/Frameworks",
					"@loader_path/Frameworks",
				);
				PRODUCT_BUNDLE_IDENTIFIER = com.boostcamp.PapagoTalkTests;
				PRODUCT_NAME = "$(TARGET_NAME)";
				SWIFT_VERSION = 5.0;
				TARGETED_DEVICE_FAMILY = "1,2";
				TEST_HOST = "$(BUILT_PRODUCTS_DIR)/PapagoTalk.app/PapagoTalk";
			};
			name = Release;
		};
/* End XCBuildConfiguration section */

/* Begin XCConfigurationList section */
		BBF2DC94256674A300F2EA7D /* Build configuration list for PBXProject "PapagoTalk" */ = {
			isa = XCConfigurationList;
			buildConfigurations = (
				BBF2DCC1256674A500F2EA7D /* Debug */,
				BBF2DCC2256674A500F2EA7D /* Release */,
			);
			defaultConfigurationIsVisible = 0;
			defaultConfigurationName = Release;
		};
		BBF2DCC3256674A500F2EA7D /* Build configuration list for PBXNativeTarget "PapagoTalk" */ = {
			isa = XCConfigurationList;
			buildConfigurations = (
				BBF2DCC4256674A500F2EA7D /* Debug */,
				BBF2DCC5256674A500F2EA7D /* Release */,
			);
			defaultConfigurationIsVisible = 0;
			defaultConfigurationName = Release;
		};
		BBF2DCC6256674A500F2EA7D /* Build configuration list for PBXNativeTarget "PapagoTalkTests" */ = {
			isa = XCConfigurationList;
			buildConfigurations = (
				BBF2DCC7256674A500F2EA7D /* Debug */,
				BBF2DCC8256674A500F2EA7D /* Release */,
			);
			defaultConfigurationIsVisible = 0;
			defaultConfigurationName = Release;
		};
/* End XCConfigurationList section */
	};
	rootObject = BBF2DC91256674A300F2EA7D /* Project object */;
}
